// !$*UTF8*$!
{
	archiveVersion = 1;
	classes = {
	};
	objectVersion = 46;
	objects = {

/* Begin PBXBuildFile section */
		4B08F2731AE74FC3003A3D0B /* main.m in Sources */ = {isa = PBXBuildFile; fileRef = 4B08F2721AE74FC3003A3D0B /* main.m */; };
		4B08F2791AE75A42003A3D0B /* CAIModelCompile.m in Sources */ = {isa = PBXBuildFile; fileRef = 4B08F2781AE75A42003A3D0B /* CAIModelCompile.m */; };
		4B08F2871AE76A1B003A3D0B /* CAIAppVersion.m in Sources */ = {isa = PBXBuildFile; fileRef = 4B08F2851AE76A1B003A3D0B /* CAIAppVersion.m */; };
		4B08F2F21AE76AD1003A3D0B /* AFHTTPRequestOperation.m in Sources */ = {isa = PBXBuildFile; fileRef = 4B08F28C1AE76AD1003A3D0B /* AFHTTPRequestOperation.m */; };
		4B08F2F31AE76AD1003A3D0B /* AFHTTPRequestOperationManager.m in Sources */ = {isa = PBXBuildFile; fileRef = 4B08F28E1AE76AD1003A3D0B /* AFHTTPRequestOperationManager.m */; };
		4B08F2F41AE76AD1003A3D0B /* AFHTTPSessionManager.m in Sources */ = {isa = PBXBuildFile; fileRef = 4B08F2901AE76AD1003A3D0B /* AFHTTPSessionManager.m */; };
		4B08F2F51AE76AD1003A3D0B /* AFNetworkReachabilityManager.m in Sources */ = {isa = PBXBuildFile; fileRef = 4B08F2931AE76AD1003A3D0B /* AFNetworkReachabilityManager.m */; };
		4B08F2F61AE76AD1003A3D0B /* AFSecurityPolicy.m in Sources */ = {isa = PBXBuildFile; fileRef = 4B08F2951AE76AD1003A3D0B /* AFSecurityPolicy.m */; };
		4B08F2F71AE76AD1003A3D0B /* AFURLConnectionOperation.m in Sources */ = {isa = PBXBuildFile; fileRef = 4B08F2971AE76AD1003A3D0B /* AFURLConnectionOperation.m */; };
		4B08F2F81AE76AD1003A3D0B /* AFURLRequestSerialization.m in Sources */ = {isa = PBXBuildFile; fileRef = 4B08F2991AE76AD1003A3D0B /* AFURLRequestSerialization.m */; };
		4B08F2F91AE76AD1003A3D0B /* AFURLResponseSerialization.m in Sources */ = {isa = PBXBuildFile; fileRef = 4B08F29B1AE76AD1003A3D0B /* AFURLResponseSerialization.m */; };
		4B08F2FA1AE76AD1003A3D0B /* AFURLSessionManager.m in Sources */ = {isa = PBXBuildFile; fileRef = 4B08F29D1AE76AD1003A3D0B /* AFURLSessionManager.m */; };
		4B08F2FB1AE76AD1003A3D0B /* AFNetworkActivityIndicatorManager.m in Sources */ = {isa = PBXBuildFile; fileRef = 4B08F2A01AE76AD1003A3D0B /* AFNetworkActivityIndicatorManager.m */; };
		4B08F2FC1AE76AD1003A3D0B /* UIActivityIndicatorView+AFNetworking.m in Sources */ = {isa = PBXBuildFile; fileRef = 4B08F2A21AE76AD1003A3D0B /* UIActivityIndicatorView+AFNetworking.m */; };
		4B08F2FD1AE76AD1003A3D0B /* UIAlertView+AFNetworking.m in Sources */ = {isa = PBXBuildFile; fileRef = 4B08F2A41AE76AD1003A3D0B /* UIAlertView+AFNetworking.m */; };
		4B08F2FE1AE76AD1003A3D0B /* UIButton+AFNetworking.m in Sources */ = {isa = PBXBuildFile; fileRef = 4B08F2A61AE76AD1003A3D0B /* UIButton+AFNetworking.m */; };
		4B08F2FF1AE76AD1003A3D0B /* UIImageView+AFNetworking.m in Sources */ = {isa = PBXBuildFile; fileRef = 4B08F2A81AE76AD1003A3D0B /* UIImageView+AFNetworking.m */; };
		4B08F3001AE76AD1003A3D0B /* UIProgressView+AFNetworking.m in Sources */ = {isa = PBXBuildFile; fileRef = 4B08F2AB1AE76AD1003A3D0B /* UIProgressView+AFNetworking.m */; };
		4B08F3011AE76AD1003A3D0B /* UIRefreshControl+AFNetworking.m in Sources */ = {isa = PBXBuildFile; fileRef = 4B08F2AD1AE76AD1003A3D0B /* UIRefreshControl+AFNetworking.m */; };
		4B08F3021AE76AD1003A3D0B /* UIWebView+AFNetworking.m in Sources */ = {isa = PBXBuildFile; fileRef = 4B08F2AF1AE76AD1003A3D0B /* UIWebView+AFNetworking.m */; };
		4B08F3031AE76AD1003A3D0B /* FMDatabase+FTS3.m in Sources */ = {isa = PBXBuildFile; fileRef = 4B08F2B41AE76AD1003A3D0B /* FMDatabase+FTS3.m */; };
		4B08F3041AE76AD1003A3D0B /* FMTokenizers.m in Sources */ = {isa = PBXBuildFile; fileRef = 4B08F2B61AE76AD1003A3D0B /* FMTokenizers.m */; };
		4B08F3051AE76AD1003A3D0B /* FMDatabase+InMemoryOnDiskIO.m in Sources */ = {isa = PBXBuildFile; fileRef = 4B08F2BA1AE76AD1003A3D0B /* FMDatabase+InMemoryOnDiskIO.m */; };
		4B08F3071AE76AD1003A3D0B /* FMDatabase.m in Sources */ = {isa = PBXBuildFile; fileRef = 4B08F2BF1AE76AD1003A3D0B /* FMDatabase.m */; };
		4B08F3081AE76AD1003A3D0B /* FMDatabaseAdditions.m in Sources */ = {isa = PBXBuildFile; fileRef = 4B08F2C11AE76AD1003A3D0B /* FMDatabaseAdditions.m */; };
		4B08F3091AE76AD1003A3D0B /* FMDatabasePool.m in Sources */ = {isa = PBXBuildFile; fileRef = 4B08F2C31AE76AD1003A3D0B /* FMDatabasePool.m */; };
		4B08F30A1AE76AD1003A3D0B /* FMDatabaseQueue.m in Sources */ = {isa = PBXBuildFile; fileRef = 4B08F2C51AE76AD1003A3D0B /* FMDatabaseQueue.m */; };
		4B08F30B1AE76AD1003A3D0B /* FMResultSet.m in Sources */ = {isa = PBXBuildFile; fileRef = 4B08F2C81AE76AD1003A3D0B /* FMResultSet.m */; };
		4B08F30C1AE76AD1003A3D0B /* EXTRuntimeExtensions.m in Sources */ = {isa = PBXBuildFile; fileRef = 4B08F2CD1AE76AD1003A3D0B /* EXTRuntimeExtensions.m */; };
		4B08F30D1AE76AD1003A3D0B /* EXTScope.m in Sources */ = {isa = PBXBuildFile; fileRef = 4B08F2CF1AE76AD1003A3D0B /* EXTScope.m */; };
		4B08F30E1AE76AD1003A3D0B /* Info.plist in Resources */ = {isa = PBXBuildFile; fileRef = 4B08F2D11AE76AD1003A3D0B /* Info.plist */; };
		4B08F30F1AE76AD1003A3D0B /* MTLJSONAdapter.m in Sources */ = {isa = PBXBuildFile; fileRef = 4B08F2D41AE76AD1003A3D0B /* MTLJSONAdapter.m */; };
		4B08F3101AE76AD1003A3D0B /* MTLManagedObjectAdapter.m in Sources */ = {isa = PBXBuildFile; fileRef = 4B08F2D61AE76AD1003A3D0B /* MTLManagedObjectAdapter.m */; };
		4B08F3111AE76AD1003A3D0B /* MTLModel+NSCoding.m in Sources */ = {isa = PBXBuildFile; fileRef = 4B08F2D81AE76AD1003A3D0B /* MTLModel+NSCoding.m */; };
		4B08F3121AE76AD1003A3D0B /* MTLModel.m in Sources */ = {isa = PBXBuildFile; fileRef = 4B08F2DA1AE76AD1003A3D0B /* MTLModel.m */; };
		4B08F3131AE76AD1003A3D0B /* MTLReflection.m in Sources */ = {isa = PBXBuildFile; fileRef = 4B08F2DC1AE76AD1003A3D0B /* MTLReflection.m */; };
		4B08F3141AE76AD1003A3D0B /* MTLValueTransformer.m in Sources */ = {isa = PBXBuildFile; fileRef = 4B08F2DE1AE76AD1003A3D0B /* MTLValueTransformer.m */; };
		4B08F3151AE76AD1003A3D0B /* NSArray+MTLManipulationAdditions.m in Sources */ = {isa = PBXBuildFile; fileRef = 4B08F2E01AE76AD1003A3D0B /* NSArray+MTLManipulationAdditions.m */; };
		4B08F3161AE76AD1003A3D0B /* NSDictionary+MTLManipulationAdditions.m in Sources */ = {isa = PBXBuildFile; fileRef = 4B08F2E21AE76AD1003A3D0B /* NSDictionary+MTLManipulationAdditions.m */; };
		4B08F3171AE76AD1003A3D0B /* NSError+MTLModelException.m in Sources */ = {isa = PBXBuildFile; fileRef = 4B08F2E41AE76AD1003A3D0B /* NSError+MTLModelException.m */; };
		4B08F3181AE76AD1003A3D0B /* NSObject+MTLComparisonAdditions.m in Sources */ = {isa = PBXBuildFile; fileRef = 4B08F2E61AE76AD1003A3D0B /* NSObject+MTLComparisonAdditions.m */; };
		4B08F3191AE76AD1003A3D0B /* NSValueTransformer+MTLInversionAdditions.m in Sources */ = {isa = PBXBuildFile; fileRef = 4B08F2E81AE76AD1003A3D0B /* NSValueTransformer+MTLInversionAdditions.m */; };
		4B08F31A1AE76AD1003A3D0B /* NSValueTransformer+MTLPredefinedTransformerAdditions.m in Sources */ = {isa = PBXBuildFile; fileRef = 4B08F2EA1AE76AD1003A3D0B /* NSValueTransformer+MTLPredefinedTransformerAdditions.m */; };
		4B08F31B1AE76AD1003A3D0B /* CAIFMDBQuery.m in Sources */ = {isa = PBXBuildFile; fileRef = 4B08F2ED1AE76AD1003A3D0B /* CAIFMDBQuery.m */; };
		4B08F31C1AE76AD1003A3D0B /* CAISection.m in Sources */ = {isa = PBXBuildFile; fileRef = 4B08F2EF1AE76AD1003A3D0B /* CAISection.m */; };
		4B08F31D1AE76AD1003A3D0B /* MTLFMDBAdapter.m in Sources */ = {isa = PBXBuildFile; fileRef = 4B08F2F11AE76AD1003A3D0B /* MTLFMDBAdapter.m */; };
		4B08F31F1AE76AF5003A3D0B /* libsqlite3.dylib in Frameworks */ = {isa = PBXBuildFile; fileRef = 4B08F31E1AE76AF5003A3D0B /* libsqlite3.dylib */; };
		4B08F3231AE770AD003A3D0B /* CAIInterfaceCompile.m in Sources */ = {isa = PBXBuildFile; fileRef = 4B08F3221AE770AD003A3D0B /* CAIInterfaceCompile.m */; };
		4B3AE8FC1AEA2210005C3B53 /* CLTFriend.m in Sources */ = {isa = PBXBuildFile; fileRef = 4B3AE8DD1AEA2210005C3B53 /* CLTFriend.m */; };
		4B3AE8FD1AEA2210005C3B53 /* CLTGetOtherUserListResult.m in Sources */ = {isa = PBXBuildFile; fileRef = 4B3AE8DF1AEA2210005C3B53 /* CLTGetOtherUserListResult.m */; };
		4B3AE8FE1AEA2210005C3B53 /* CLTGetRecommendResult.m in Sources */ = {isa = PBXBuildFile; fileRef = 4B3AE8E11AEA2210005C3B53 /* CLTGetRecommendResult.m */; };
		4B3AE8FF1AEA2210005C3B53 /* CLTGetStoryDetialResult.m in Sources */ = {isa = PBXBuildFile; fileRef = 4B3AE8E31AEA2210005C3B53 /* CLTGetStoryDetialResult.m */; };
		4B3AE9001AEA2210005C3B53 /* CLTGetStoryListResult.m in Sources */ = {isa = PBXBuildFile; fileRef = 4B3AE8E51AEA2210005C3B53 /* CLTGetStoryListResult.m */; };
		4B3AE9011AEA2210005C3B53 /* CLTGetUserInfoResult.m in Sources */ = {isa = PBXBuildFile; fileRef = 4B3AE8E71AEA2210005C3B53 /* CLTGetUserInfoResult.m */; };
		4B3AE9021AEA2210005C3B53 /* CLTNoDataRsult.m in Sources */ = {isa = PBXBuildFile; fileRef = 4B3AE8E91AEA2210005C3B53 /* CLTNoDataRsult.m */; };
		4B3AE9031AEA2210005C3B53 /* CLTRecommend.m in Sources */ = {isa = PBXBuildFile; fileRef = 4B3AE8EB1AEA2210005C3B53 /* CLTRecommend.m */; };
		4B3AE9041AEA2210005C3B53 /* CLTSearchUserId.m in Sources */ = {isa = PBXBuildFile; fileRef = 4B3AE8ED1AEA2210005C3B53 /* CLTSearchUserId.m */; };
		4B3AE9051AEA2210005C3B53 /* CLTSearchUserIdResult.m in Sources */ = {isa = PBXBuildFile; fileRef = 4B3AE8EF1AEA2210005C3B53 /* CLTSearchUserIdResult.m */; };
		4B3AE9061AEA2210005C3B53 /* CLTStatus.m in Sources */ = {isa = PBXBuildFile; fileRef = 4B3AE8F11AEA2210005C3B53 /* CLTStatus.m */; };
		4B3AE9071AEA2210005C3B53 /* CLTStory.m in Sources */ = {isa = PBXBuildFile; fileRef = 4B3AE8F31AEA2210005C3B53 /* CLTStory.m */; };
		4B3AE9081AEA2210005C3B53 /* CLTStoryDetial.m in Sources */ = {isa = PBXBuildFile; fileRef = 4B3AE8F51AEA2210005C3B53 /* CLTStoryDetial.m */; };
		4B3AE9091AEA2210005C3B53 /* CLTUploadImageResult.m in Sources */ = {isa = PBXBuildFile; fileRef = 4B3AE8F71AEA2210005C3B53 /* CLTUploadImageResult.m */; };
		4B3AE90A1AEA2210005C3B53 /* CLTUserInfo.m in Sources */ = {isa = PBXBuildFile; fileRef = 4B3AE8F91AEA2210005C3B53 /* CLTUserInfo.m */; };
		4B3AE90B1AEA2210005C3B53 /* CLTUserPublish.m in Sources */ = {isa = PBXBuildFile; fileRef = 4B3AE8FB1AEA2210005C3B53 /* CLTUserPublish.m */; };
		4B3AE90E1AEA2278005C3B53 /* CAINet.m in Sources */ = {isa = PBXBuildFile; fileRef = 4B3AE90D1AEA2278005C3B53 /* CAINet.m */; };
		4B3AE9111AEA2440005C3B53 /* CAIClient.m in Sources */ = {isa = PBXBuildFile; fileRef = 4B3AE9101AEA2440005C3B53 /* CAIClient.m */; };
		4B49C0321AE0EB0F0074CCB2 /* main.m in Sources */ = {isa = PBXBuildFile; fileRef = 4B49C0311AE0EB0F0074CCB2 /* main.m */; };
		4B49C0351AE0EB0F0074CCB2 /* AppDelegate.m in Sources */ = {isa = PBXBuildFile; fileRef = 4B49C0341AE0EB0F0074CCB2 /* AppDelegate.m */; };
		4B49C0381AE0EB0F0074CCB2 /* autoCoding.xcdatamodeld in Sources */ = {isa = PBXBuildFile; fileRef = 4B49C0361AE0EB0F0074CCB2 /* autoCoding.xcdatamodeld */; };
		4B49C03B1AE0EB0F0074CCB2 /* ViewController.m in Sources */ = {isa = PBXBuildFile; fileRef = 4B49C03A1AE0EB0F0074CCB2 /* ViewController.m */; };
		4B49C03E1AE0EB0F0074CCB2 /* Main.storyboard in Resources */ = {isa = PBXBuildFile; fileRef = 4B49C03C1AE0EB0F0074CCB2 /* Main.storyboard */; };
		4B49C0401AE0EB0F0074CCB2 /* Images.xcassets in Resources */ = {isa = PBXBuildFile; fileRef = 4B49C03F1AE0EB0F0074CCB2 /* Images.xcassets */; };
		4B49C0431AE0EB0F0074CCB2 /* LaunchScreen.xib in Resources */ = {isa = PBXBuildFile; fileRef = 4B49C0411AE0EB0F0074CCB2 /* LaunchScreen.xib */; };
		4B49C04F1AE0EB0F0074CCB2 /* autoCodingTests.m in Sources */ = {isa = PBXBuildFile; fileRef = 4B49C04E1AE0EB0F0074CCB2 /* autoCodingTests.m */; };
		4B49C0591AE0EBA80074CCB2 /* Models.plist in Resources */ = {isa = PBXBuildFile; fileRef = 4B49C0581AE0EBA80074CCB2 /* Models.plist */; };
		4B49C05D1AE0F1080074CCB2 /* file.plist in Resources */ = {isa = PBXBuildFile; fileRef = 4B49C05C1AE0F1080074CCB2 /* file.plist */; };
		4B6858FB1AE4EFCD00155ED9 /* demoViewController.m in Sources */ = {isa = PBXBuildFile; fileRef = 4B6858FA1AE4EFCD00155ED9 /* demoViewController.m */; };
		4B6858FE1AE4F01100155ED9 /* CAITitleBar.m in Sources */ = {isa = PBXBuildFile; fileRef = 4B6858FD1AE4F01100155ED9 /* CAITitleBar.m */; };
/* End PBXBuildFile section */

/* Begin PBXContainerItemProxy section */
		4B49C0491AE0EB0F0074CCB2 /* PBXContainerItemProxy */ = {
			isa = PBXContainerItemProxy;
			containerPortal = 4B49C0241AE0EB0F0074CCB2 /* Project object */;
			proxyType = 1;
			remoteGlobalIDString = 4B49C02B1AE0EB0F0074CCB2;
			remoteInfo = autoCoding;
		};
/* End PBXContainerItemProxy section */

/* Begin PBXCopyFilesBuildPhase section */
		4B08F26E1AE74FC3003A3D0B /* CopyFiles */ = {
			isa = PBXCopyFilesBuildPhase;
			buildActionMask = 2147483647;
			dstPath = /usr/share/man/man1;
			dstSubfolderSpec = 0;
			files = (
			);
			runOnlyForDeploymentPostprocessing = 1;
		};
/* End PBXCopyFilesBuildPhase section */

/* Begin PBXFileReference section */
		4B08F2701AE74FC3003A3D0B /* compile */ = {isa = PBXFileReference; explicitFileType = "compiled.mach-o.executable"; includeInIndex = 0; path = compile; sourceTree = BUILT_PRODUCTS_DIR; };
		4B08F2721AE74FC3003A3D0B /* main.m */ = {isa = PBXFileReference; lastKnownFileType = sourcecode.c.objc; path = main.m; sourceTree = "<group>"; };
		4B08F2771AE75A42003A3D0B /* CAIModelCompile.h */ = {isa = PBXFileReference; fileEncoding = 4; lastKnownFileType = sourcecode.c.h; path = CAIModelCompile.h; sourceTree = "<group>"; };
		4B08F2781AE75A42003A3D0B /* CAIModelCompile.m */ = {isa = PBXFileReference; fileEncoding = 4; lastKnownFileType = sourcecode.c.objc; path = CAIModelCompile.m; sourceTree = "<group>"; };
		4B08F27A1AE75BF8003A3D0B /* file.plist */ = {isa = PBXFileReference; fileEncoding = 4; lastKnownFileType = text.plist.xml; path = file.plist; sourceTree = "<group>"; };
		4B08F27B1AE75BF8003A3D0B /* Models.plist */ = {isa = PBXFileReference; fileEncoding = 4; lastKnownFileType = text.plist.xml; path = Models.plist; sourceTree = "<group>"; };
		4B08F2841AE76A1B003A3D0B /* CAIAppVersion.h */ = {isa = PBXFileReference; fileEncoding = 4; lastKnownFileType = sourcecode.c.h; path = CAIAppVersion.h; sourceTree = "<group>"; };
		4B08F2851AE76A1B003A3D0B /* CAIAppVersion.m */ = {isa = PBXFileReference; fileEncoding = 4; lastKnownFileType = sourcecode.c.objc; path = CAIAppVersion.m; sourceTree = "<group>"; };
		4B08F28B1AE76AD1003A3D0B /* AFHTTPRequestOperation.h */ = {isa = PBXFileReference; fileEncoding = 4; lastKnownFileType = sourcecode.c.h; path = AFHTTPRequestOperation.h; sourceTree = "<group>"; };
		4B08F28C1AE76AD1003A3D0B /* AFHTTPRequestOperation.m */ = {isa = PBXFileReference; fileEncoding = 4; lastKnownFileType = sourcecode.c.objc; path = AFHTTPRequestOperation.m; sourceTree = "<group>"; };
		4B08F28D1AE76AD1003A3D0B /* AFHTTPRequestOperationManager.h */ = {isa = PBXFileReference; fileEncoding = 4; lastKnownFileType = sourcecode.c.h; path = AFHTTPRequestOperationManager.h; sourceTree = "<group>"; };
		4B08F28E1AE76AD1003A3D0B /* AFHTTPRequestOperationManager.m */ = {isa = PBXFileReference; fileEncoding = 4; lastKnownFileType = sourcecode.c.objc; path = AFHTTPRequestOperationManager.m; sourceTree = "<group>"; };
		4B08F28F1AE76AD1003A3D0B /* AFHTTPSessionManager.h */ = {isa = PBXFileReference; fileEncoding = 4; lastKnownFileType = sourcecode.c.h; path = AFHTTPSessionManager.h; sourceTree = "<group>"; };
		4B08F2901AE76AD1003A3D0B /* AFHTTPSessionManager.m */ = {isa = PBXFileReference; fileEncoding = 4; lastKnownFileType = sourcecode.c.objc; path = AFHTTPSessionManager.m; sourceTree = "<group>"; };
		4B08F2911AE76AD1003A3D0B /* AFNetworking.h */ = {isa = PBXFileReference; fileEncoding = 4; lastKnownFileType = sourcecode.c.h; path = AFNetworking.h; sourceTree = "<group>"; };
		4B08F2921AE76AD1003A3D0B /* AFNetworkReachabilityManager.h */ = {isa = PBXFileReference; fileEncoding = 4; lastKnownFileType = sourcecode.c.h; path = AFNetworkReachabilityManager.h; sourceTree = "<group>"; };
		4B08F2931AE76AD1003A3D0B /* AFNetworkReachabilityManager.m */ = {isa = PBXFileReference; fileEncoding = 4; lastKnownFileType = sourcecode.c.objc; path = AFNetworkReachabilityManager.m; sourceTree = "<group>"; };
		4B08F2941AE76AD1003A3D0B /* AFSecurityPolicy.h */ = {isa = PBXFileReference; fileEncoding = 4; lastKnownFileType = sourcecode.c.h; path = AFSecurityPolicy.h; sourceTree = "<group>"; };
		4B08F2951AE76AD1003A3D0B /* AFSecurityPolicy.m */ = {isa = PBXFileReference; fileEncoding = 4; lastKnownFileType = sourcecode.c.objc; path = AFSecurityPolicy.m; sourceTree = "<group>"; };
		4B08F2961AE76AD1003A3D0B /* AFURLConnectionOperation.h */ = {isa = PBXFileReference; fileEncoding = 4; lastKnownFileType = sourcecode.c.h; path = AFURLConnectionOperation.h; sourceTree = "<group>"; };
		4B08F2971AE76AD1003A3D0B /* AFURLConnectionOperation.m */ = {isa = PBXFileReference; fileEncoding = 4; lastKnownFileType = sourcecode.c.objc; path = AFURLConnectionOperation.m; sourceTree = "<group>"; };
		4B08F2981AE76AD1003A3D0B /* AFURLRequestSerialization.h */ = {isa = PBXFileReference; fileEncoding = 4; lastKnownFileType = sourcecode.c.h; path = AFURLRequestSerialization.h; sourceTree = "<group>"; };
		4B08F2991AE76AD1003A3D0B /* AFURLRequestSerialization.m */ = {isa = PBXFileReference; fileEncoding = 4; lastKnownFileType = sourcecode.c.objc; path = AFURLRequestSerialization.m; sourceTree = "<group>"; };
		4B08F29A1AE76AD1003A3D0B /* AFURLResponseSerialization.h */ = {isa = PBXFileReference; fileEncoding = 4; lastKnownFileType = sourcecode.c.h; path = AFURLResponseSerialization.h; sourceTree = "<group>"; };
		4B08F29B1AE76AD1003A3D0B /* AFURLResponseSerialization.m */ = {isa = PBXFileReference; fileEncoding = 4; lastKnownFileType = sourcecode.c.objc; path = AFURLResponseSerialization.m; sourceTree = "<group>"; };
		4B08F29C1AE76AD1003A3D0B /* AFURLSessionManager.h */ = {isa = PBXFileReference; fileEncoding = 4; lastKnownFileType = sourcecode.c.h; path = AFURLSessionManager.h; sourceTree = "<group>"; };
		4B08F29D1AE76AD1003A3D0B /* AFURLSessionManager.m */ = {isa = PBXFileReference; fileEncoding = 4; lastKnownFileType = sourcecode.c.objc; path = AFURLSessionManager.m; sourceTree = "<group>"; };
		4B08F29F1AE76AD1003A3D0B /* AFNetworkActivityIndicatorManager.h */ = {isa = PBXFileReference; fileEncoding = 4; lastKnownFileType = sourcecode.c.h; path = AFNetworkActivityIndicatorManager.h; sourceTree = "<group>"; };
		4B08F2A01AE76AD1003A3D0B /* AFNetworkActivityIndicatorManager.m */ = {isa = PBXFileReference; fileEncoding = 4; lastKnownFileType = sourcecode.c.objc; path = AFNetworkActivityIndicatorManager.m; sourceTree = "<group>"; };
		4B08F2A11AE76AD1003A3D0B /* UIActivityIndicatorView+AFNetworking.h */ = {isa = PBXFileReference; fileEncoding = 4; lastKnownFileType = sourcecode.c.h; path = "UIActivityIndicatorView+AFNetworking.h"; sourceTree = "<group>"; };
		4B08F2A21AE76AD1003A3D0B /* UIActivityIndicatorView+AFNetworking.m */ = {isa = PBXFileReference; fileEncoding = 4; lastKnownFileType = sourcecode.c.objc; path = "UIActivityIndicatorView+AFNetworking.m"; sourceTree = "<group>"; };
		4B08F2A31AE76AD1003A3D0B /* UIAlertView+AFNetworking.h */ = {isa = PBXFileReference; fileEncoding = 4; lastKnownFileType = sourcecode.c.h; path = "UIAlertView+AFNetworking.h"; sourceTree = "<group>"; };
		4B08F2A41AE76AD1003A3D0B /* UIAlertView+AFNetworking.m */ = {isa = PBXFileReference; fileEncoding = 4; lastKnownFileType = sourcecode.c.objc; path = "UIAlertView+AFNetworking.m"; sourceTree = "<group>"; };
		4B08F2A51AE76AD1003A3D0B /* UIButton+AFNetworking.h */ = {isa = PBXFileReference; fileEncoding = 4; lastKnownFileType = sourcecode.c.h; path = "UIButton+AFNetworking.h"; sourceTree = "<group>"; };
		4B08F2A61AE76AD1003A3D0B /* UIButton+AFNetworking.m */ = {isa = PBXFileReference; fileEncoding = 4; lastKnownFileType = sourcecode.c.objc; path = "UIButton+AFNetworking.m"; sourceTree = "<group>"; };
		4B08F2A71AE76AD1003A3D0B /* UIImageView+AFNetworking.h */ = {isa = PBXFileReference; fileEncoding = 4; lastKnownFileType = sourcecode.c.h; path = "UIImageView+AFNetworking.h"; sourceTree = "<group>"; };
		4B08F2A81AE76AD1003A3D0B /* UIImageView+AFNetworking.m */ = {isa = PBXFileReference; fileEncoding = 4; lastKnownFileType = sourcecode.c.objc; path = "UIImageView+AFNetworking.m"; sourceTree = "<group>"; };
		4B08F2A91AE76AD1003A3D0B /* UIKit+AFNetworking.h */ = {isa = PBXFileReference; fileEncoding = 4; lastKnownFileType = sourcecode.c.h; path = "UIKit+AFNetworking.h"; sourceTree = "<group>"; };
		4B08F2AA1AE76AD1003A3D0B /* UIProgressView+AFNetworking.h */ = {isa = PBXFileReference; fileEncoding = 4; lastKnownFileType = sourcecode.c.h; path = "UIProgressView+AFNetworking.h"; sourceTree = "<group>"; };
		4B08F2AB1AE76AD1003A3D0B /* UIProgressView+AFNetworking.m */ = {isa = PBXFileReference; fileEncoding = 4; lastKnownFileType = sourcecode.c.objc; path = "UIProgressView+AFNetworking.m"; sourceTree = "<group>"; };
		4B08F2AC1AE76AD1003A3D0B /* UIRefreshControl+AFNetworking.h */ = {isa = PBXFileReference; fileEncoding = 4; lastKnownFileType = sourcecode.c.h; path = "UIRefreshControl+AFNetworking.h"; sourceTree = "<group>"; };
		4B08F2AD1AE76AD1003A3D0B /* UIRefreshControl+AFNetworking.m */ = {isa = PBXFileReference; fileEncoding = 4; lastKnownFileType = sourcecode.c.objc; path = "UIRefreshControl+AFNetworking.m"; sourceTree = "<group>"; };
		4B08F2AE1AE76AD1003A3D0B /* UIWebView+AFNetworking.h */ = {isa = PBXFileReference; fileEncoding = 4; lastKnownFileType = sourcecode.c.h; path = "UIWebView+AFNetworking.h"; sourceTree = "<group>"; };
		4B08F2AF1AE76AD1003A3D0B /* UIWebView+AFNetworking.m */ = {isa = PBXFileReference; fileEncoding = 4; lastKnownFileType = sourcecode.c.objc; path = "UIWebView+AFNetworking.m"; sourceTree = "<group>"; };
		4B08F2B31AE76AD1003A3D0B /* FMDatabase+FTS3.h */ = {isa = PBXFileReference; fileEncoding = 4; lastKnownFileType = sourcecode.c.h; path = "FMDatabase+FTS3.h"; sourceTree = "<group>"; };
		4B08F2B41AE76AD1003A3D0B /* FMDatabase+FTS3.m */ = {isa = PBXFileReference; fileEncoding = 4; lastKnownFileType = sourcecode.c.objc; path = "FMDatabase+FTS3.m"; sourceTree = "<group>"; };
		4B08F2B51AE76AD1003A3D0B /* FMTokenizers.h */ = {isa = PBXFileReference; fileEncoding = 4; lastKnownFileType = sourcecode.c.h; path = FMTokenizers.h; sourceTree = "<group>"; };
		4B08F2B61AE76AD1003A3D0B /* FMTokenizers.m */ = {isa = PBXFileReference; fileEncoding = 4; lastKnownFileType = sourcecode.c.objc; path = FMTokenizers.m; sourceTree = "<group>"; };
		4B08F2B71AE76AD1003A3D0B /* fts3_tokenizer.h */ = {isa = PBXFileReference; fileEncoding = 4; lastKnownFileType = sourcecode.c.h; path = fts3_tokenizer.h; sourceTree = "<group>"; };
		4B08F2B91AE76AD1003A3D0B /* FMDatabase+InMemoryOnDiskIO.h */ = {isa = PBXFileReference; fileEncoding = 4; lastKnownFileType = sourcecode.c.h; path = "FMDatabase+InMemoryOnDiskIO.h"; sourceTree = "<group>"; };
		4B08F2BA1AE76AD1003A3D0B /* FMDatabase+InMemoryOnDiskIO.m */ = {isa = PBXFileReference; fileEncoding = 4; lastKnownFileType = sourcecode.c.objc; path = "FMDatabase+InMemoryOnDiskIO.m"; sourceTree = "<group>"; };
		4B08F2BE1AE76AD1003A3D0B /* FMDatabase.h */ = {isa = PBXFileReference; fileEncoding = 4; lastKnownFileType = sourcecode.c.h; path = FMDatabase.h; sourceTree = "<group>"; };
		4B08F2BF1AE76AD1003A3D0B /* FMDatabase.m */ = {isa = PBXFileReference; fileEncoding = 4; lastKnownFileType = sourcecode.c.objc; path = FMDatabase.m; sourceTree = "<group>"; };
		4B08F2C01AE76AD1003A3D0B /* FMDatabaseAdditions.h */ = {isa = PBXFileReference; fileEncoding = 4; lastKnownFileType = sourcecode.c.h; path = FMDatabaseAdditions.h; sourceTree = "<group>"; };
		4B08F2C11AE76AD1003A3D0B /* FMDatabaseAdditions.m */ = {isa = PBXFileReference; fileEncoding = 4; lastKnownFileType = sourcecode.c.objc; path = FMDatabaseAdditions.m; sourceTree = "<group>"; };
		4B08F2C21AE76AD1003A3D0B /* FMDatabasePool.h */ = {isa = PBXFileReference; fileEncoding = 4; lastKnownFileType = sourcecode.c.h; path = FMDatabasePool.h; sourceTree = "<group>"; };
		4B08F2C31AE76AD1003A3D0B /* FMDatabasePool.m */ = {isa = PBXFileReference; fileEncoding = 4; lastKnownFileType = sourcecode.c.objc; path = FMDatabasePool.m; sourceTree = "<group>"; };
		4B08F2C41AE76AD1003A3D0B /* FMDatabaseQueue.h */ = {isa = PBXFileReference; fileEncoding = 4; lastKnownFileType = sourcecode.c.h; path = FMDatabaseQueue.h; sourceTree = "<group>"; };
		4B08F2C51AE76AD1003A3D0B /* FMDatabaseQueue.m */ = {isa = PBXFileReference; fileEncoding = 4; lastKnownFileType = sourcecode.c.objc; path = FMDatabaseQueue.m; sourceTree = "<group>"; };
		4B08F2C61AE76AD1003A3D0B /* FMDB.h */ = {isa = PBXFileReference; fileEncoding = 4; lastKnownFileType = sourcecode.c.h; path = FMDB.h; sourceTree = "<group>"; };
		4B08F2C71AE76AD1003A3D0B /* FMResultSet.h */ = {isa = PBXFileReference; fileEncoding = 4; lastKnownFileType = sourcecode.c.h; path = FMResultSet.h; sourceTree = "<group>"; };
		4B08F2C81AE76AD1003A3D0B /* FMResultSet.m */ = {isa = PBXFileReference; fileEncoding = 4; lastKnownFileType = sourcecode.c.objc; path = FMResultSet.m; sourceTree = "<group>"; };
		4B08F2CB1AE76AD1003A3D0B /* EXTKeyPathCoding.h */ = {isa = PBXFileReference; fileEncoding = 4; lastKnownFileType = sourcecode.c.h; path = EXTKeyPathCoding.h; sourceTree = "<group>"; };
		4B08F2CC1AE76AD1003A3D0B /* EXTRuntimeExtensions.h */ = {isa = PBXFileReference; fileEncoding = 4; lastKnownFileType = sourcecode.c.h; path = EXTRuntimeExtensions.h; sourceTree = "<group>"; };
		4B08F2CD1AE76AD1003A3D0B /* EXTRuntimeExtensions.m */ = {isa = PBXFileReference; fileEncoding = 4; lastKnownFileType = sourcecode.c.objc; path = EXTRuntimeExtensions.m; sourceTree = "<group>"; };
		4B08F2CE1AE76AD1003A3D0B /* EXTScope.h */ = {isa = PBXFileReference; fileEncoding = 4; lastKnownFileType = sourcecode.c.h; path = EXTScope.h; sourceTree = "<group>"; };
		4B08F2CF1AE76AD1003A3D0B /* EXTScope.m */ = {isa = PBXFileReference; fileEncoding = 4; lastKnownFileType = sourcecode.c.objc; path = EXTScope.m; sourceTree = "<group>"; };
		4B08F2D01AE76AD1003A3D0B /* metamacros.h */ = {isa = PBXFileReference; fileEncoding = 4; lastKnownFileType = sourcecode.c.h; path = metamacros.h; sourceTree = "<group>"; };
		4B08F2D11AE76AD1003A3D0B /* Info.plist */ = {isa = PBXFileReference; fileEncoding = 4; lastKnownFileType = text.plist.xml; path = Info.plist; sourceTree = "<group>"; };
		4B08F2D21AE76AD1003A3D0B /* Mantle.h */ = {isa = PBXFileReference; fileEncoding = 4; lastKnownFileType = sourcecode.c.h; path = Mantle.h; sourceTree = "<group>"; };
		4B08F2D31AE76AD1003A3D0B /* MTLJSONAdapter.h */ = {isa = PBXFileReference; fileEncoding = 4; lastKnownFileType = sourcecode.c.h; path = MTLJSONAdapter.h; sourceTree = "<group>"; };
		4B08F2D41AE76AD1003A3D0B /* MTLJSONAdapter.m */ = {isa = PBXFileReference; fileEncoding = 4; lastKnownFileType = sourcecode.c.objc; path = MTLJSONAdapter.m; sourceTree = "<group>"; };
		4B08F2D51AE76AD1003A3D0B /* MTLManagedObjectAdapter.h */ = {isa = PBXFileReference; fileEncoding = 4; lastKnownFileType = sourcecode.c.h; path = MTLManagedObjectAdapter.h; sourceTree = "<group>"; };
		4B08F2D61AE76AD1003A3D0B /* MTLManagedObjectAdapter.m */ = {isa = PBXFileReference; fileEncoding = 4; lastKnownFileType = sourcecode.c.objc; path = MTLManagedObjectAdapter.m; sourceTree = "<group>"; };
		4B08F2D71AE76AD1003A3D0B /* MTLModel+NSCoding.h */ = {isa = PBXFileReference; fileEncoding = 4; lastKnownFileType = sourcecode.c.h; path = "MTLModel+NSCoding.h"; sourceTree = "<group>"; };
		4B08F2D81AE76AD1003A3D0B /* MTLModel+NSCoding.m */ = {isa = PBXFileReference; fileEncoding = 4; lastKnownFileType = sourcecode.c.objc; path = "MTLModel+NSCoding.m"; sourceTree = "<group>"; };
		4B08F2D91AE76AD1003A3D0B /* MTLModel.h */ = {isa = PBXFileReference; fileEncoding = 4; lastKnownFileType = sourcecode.c.h; path = MTLModel.h; sourceTree = "<group>"; };
		4B08F2DA1AE76AD1003A3D0B /* MTLModel.m */ = {isa = PBXFileReference; fileEncoding = 4; lastKnownFileType = sourcecode.c.objc; path = MTLModel.m; sourceTree = "<group>"; };
		4B08F2DB1AE76AD1003A3D0B /* MTLReflection.h */ = {isa = PBXFileReference; fileEncoding = 4; lastKnownFileType = sourcecode.c.h; path = MTLReflection.h; sourceTree = "<group>"; };
		4B08F2DC1AE76AD1003A3D0B /* MTLReflection.m */ = {isa = PBXFileReference; fileEncoding = 4; lastKnownFileType = sourcecode.c.objc; path = MTLReflection.m; sourceTree = "<group>"; };
		4B08F2DD1AE76AD1003A3D0B /* MTLValueTransformer.h */ = {isa = PBXFileReference; fileEncoding = 4; lastKnownFileType = sourcecode.c.h; path = MTLValueTransformer.h; sourceTree = "<group>"; };
		4B08F2DE1AE76AD1003A3D0B /* MTLValueTransformer.m */ = {isa = PBXFileReference; fileEncoding = 4; lastKnownFileType = sourcecode.c.objc; path = MTLValueTransformer.m; sourceTree = "<group>"; };
		4B08F2DF1AE76AD1003A3D0B /* NSArray+MTLManipulationAdditions.h */ = {isa = PBXFileReference; fileEncoding = 4; lastKnownFileType = sourcecode.c.h; path = "NSArray+MTLManipulationAdditions.h"; sourceTree = "<group>"; };
		4B08F2E01AE76AD1003A3D0B /* NSArray+MTLManipulationAdditions.m */ = {isa = PBXFileReference; fileEncoding = 4; lastKnownFileType = sourcecode.c.objc; path = "NSArray+MTLManipulationAdditions.m"; sourceTree = "<group>"; };
		4B08F2E11AE76AD1003A3D0B /* NSDictionary+MTLManipulationAdditions.h */ = {isa = PBXFileReference; fileEncoding = 4; lastKnownFileType = sourcecode.c.h; path = "NSDictionary+MTLManipulationAdditions.h"; sourceTree = "<group>"; };
		4B08F2E21AE76AD1003A3D0B /* NSDictionary+MTLManipulationAdditions.m */ = {isa = PBXFileReference; fileEncoding = 4; lastKnownFileType = sourcecode.c.objc; path = "NSDictionary+MTLManipulationAdditions.m"; sourceTree = "<group>"; };
		4B08F2E31AE76AD1003A3D0B /* NSError+MTLModelException.h */ = {isa = PBXFileReference; fileEncoding = 4; lastKnownFileType = sourcecode.c.h; path = "NSError+MTLModelException.h"; sourceTree = "<group>"; };
		4B08F2E41AE76AD1003A3D0B /* NSError+MTLModelException.m */ = {isa = PBXFileReference; fileEncoding = 4; lastKnownFileType = sourcecode.c.objc; path = "NSError+MTLModelException.m"; sourceTree = "<group>"; };
		4B08F2E51AE76AD1003A3D0B /* NSObject+MTLComparisonAdditions.h */ = {isa = PBXFileReference; fileEncoding = 4; lastKnownFileType = sourcecode.c.h; path = "NSObject+MTLComparisonAdditions.h"; sourceTree = "<group>"; };
		4B08F2E61AE76AD1003A3D0B /* NSObject+MTLComparisonAdditions.m */ = {isa = PBXFileReference; fileEncoding = 4; lastKnownFileType = sourcecode.c.objc; path = "NSObject+MTLComparisonAdditions.m"; sourceTree = "<group>"; };
		4B08F2E71AE76AD1003A3D0B /* NSValueTransformer+MTLInversionAdditions.h */ = {isa = PBXFileReference; fileEncoding = 4; lastKnownFileType = sourcecode.c.h; path = "NSValueTransformer+MTLInversionAdditions.h"; sourceTree = "<group>"; };
		4B08F2E81AE76AD1003A3D0B /* NSValueTransformer+MTLInversionAdditions.m */ = {isa = PBXFileReference; fileEncoding = 4; lastKnownFileType = sourcecode.c.objc; path = "NSValueTransformer+MTLInversionAdditions.m"; sourceTree = "<group>"; };
		4B08F2E91AE76AD1003A3D0B /* NSValueTransformer+MTLPredefinedTransformerAdditions.h */ = {isa = PBXFileReference; fileEncoding = 4; lastKnownFileType = sourcecode.c.h; path = "NSValueTransformer+MTLPredefinedTransformerAdditions.h"; sourceTree = "<group>"; };
		4B08F2EA1AE76AD1003A3D0B /* NSValueTransformer+MTLPredefinedTransformerAdditions.m */ = {isa = PBXFileReference; fileEncoding = 4; lastKnownFileType = sourcecode.c.objc; path = "NSValueTransformer+MTLPredefinedTransformerAdditions.m"; sourceTree = "<group>"; };
		4B08F2EC1AE76AD1003A3D0B /* CAIFMDBQuery.h */ = {isa = PBXFileReference; fileEncoding = 4; lastKnownFileType = sourcecode.c.h; path = CAIFMDBQuery.h; sourceTree = "<group>"; };
		4B08F2ED1AE76AD1003A3D0B /* CAIFMDBQuery.m */ = {isa = PBXFileReference; fileEncoding = 4; lastKnownFileType = sourcecode.c.objc; path = CAIFMDBQuery.m; sourceTree = "<group>"; };
		4B08F2EE1AE76AD1003A3D0B /* CAISection.h */ = {isa = PBXFileReference; fileEncoding = 4; lastKnownFileType = sourcecode.c.h; path = CAISection.h; sourceTree = "<group>"; };
		4B08F2EF1AE76AD1003A3D0B /* CAISection.m */ = {isa = PBXFileReference; fileEncoding = 4; lastKnownFileType = sourcecode.c.objc; path = CAISection.m; sourceTree = "<group>"; };
		4B08F2F01AE76AD1003A3D0B /* MTLFMDBAdapter.h */ = {isa = PBXFileReference; fileEncoding = 4; lastKnownFileType = sourcecode.c.h; path = MTLFMDBAdapter.h; sourceTree = "<group>"; };
		4B08F2F11AE76AD1003A3D0B /* MTLFMDBAdapter.m */ = {isa = PBXFileReference; fileEncoding = 4; lastKnownFileType = sourcecode.c.objc; path = MTLFMDBAdapter.m; sourceTree = "<group>"; };
		4B08F31E1AE76AF5003A3D0B /* libsqlite3.dylib */ = {isa = PBXFileReference; lastKnownFileType = "compiled.mach-o.dylib"; name = libsqlite3.dylib; path = usr/lib/libsqlite3.dylib; sourceTree = SDKROOT; };
		4B08F3201AE76D40003A3D0B /* interface.plist */ = {isa = PBXFileReference; fileEncoding = 4; lastKnownFileType = text.plist.xml; path = interface.plist; sourceTree = "<group>"; };
		4B08F3211AE770AD003A3D0B /* CAIInterfaceCompile.h */ = {isa = PBXFileReference; fileEncoding = 4; lastKnownFileType = sourcecode.c.h; path = CAIInterfaceCompile.h; sourceTree = "<group>"; };
		4B08F3221AE770AD003A3D0B /* CAIInterfaceCompile.m */ = {isa = PBXFileReference; fileEncoding = 4; lastKnownFileType = sourcecode.c.objc; path = CAIInterfaceCompile.m; sourceTree = "<group>"; };
		4B3AE8DC1AEA2210005C3B53 /* CLTFriend.h */ = {isa = PBXFileReference; fileEncoding = 4; lastKnownFileType = sourcecode.c.h; path = CLTFriend.h; sourceTree = "<group>"; };
		4B3AE8DD1AEA2210005C3B53 /* CLTFriend.m */ = {isa = PBXFileReference; fileEncoding = 4; lastKnownFileType = sourcecode.c.objc; path = CLTFriend.m; sourceTree = "<group>"; };
		4B3AE8DE1AEA2210005C3B53 /* CLTGetOtherUserListResult.h */ = {isa = PBXFileReference; fileEncoding = 4; lastKnownFileType = sourcecode.c.h; path = CLTGetOtherUserListResult.h; sourceTree = "<group>"; };
		4B3AE8DF1AEA2210005C3B53 /* CLTGetOtherUserListResult.m */ = {isa = PBXFileReference; fileEncoding = 4; lastKnownFileType = sourcecode.c.objc; path = CLTGetOtherUserListResult.m; sourceTree = "<group>"; };
		4B3AE8E01AEA2210005C3B53 /* CLTGetRecommendResult.h */ = {isa = PBXFileReference; fileEncoding = 4; lastKnownFileType = sourcecode.c.h; path = CLTGetRecommendResult.h; sourceTree = "<group>"; };
		4B3AE8E11AEA2210005C3B53 /* CLTGetRecommendResult.m */ = {isa = PBXFileReference; fileEncoding = 4; lastKnownFileType = sourcecode.c.objc; path = CLTGetRecommendResult.m; sourceTree = "<group>"; };
		4B3AE8E21AEA2210005C3B53 /* CLTGetStoryDetialResult.h */ = {isa = PBXFileReference; fileEncoding = 4; lastKnownFileType = sourcecode.c.h; path = CLTGetStoryDetialResult.h; sourceTree = "<group>"; };
		4B3AE8E31AEA2210005C3B53 /* CLTGetStoryDetialResult.m */ = {isa = PBXFileReference; fileEncoding = 4; lastKnownFileType = sourcecode.c.objc; path = CLTGetStoryDetialResult.m; sourceTree = "<group>"; };
		4B3AE8E41AEA2210005C3B53 /* CLTGetStoryListResult.h */ = {isa = PBXFileReference; fileEncoding = 4; lastKnownFileType = sourcecode.c.h; path = CLTGetStoryListResult.h; sourceTree = "<group>"; };
		4B3AE8E51AEA2210005C3B53 /* CLTGetStoryListResult.m */ = {isa = PBXFileReference; fileEncoding = 4; lastKnownFileType = sourcecode.c.objc; path = CLTGetStoryListResult.m; sourceTree = "<group>"; };
		4B3AE8E61AEA2210005C3B53 /* CLTGetUserInfoResult.h */ = {isa = PBXFileReference; fileEncoding = 4; lastKnownFileType = sourcecode.c.h; path = CLTGetUserInfoResult.h; sourceTree = "<group>"; };
		4B3AE8E71AEA2210005C3B53 /* CLTGetUserInfoResult.m */ = {isa = PBXFileReference; fileEncoding = 4; lastKnownFileType = sourcecode.c.objc; path = CLTGetUserInfoResult.m; sourceTree = "<group>"; };
		4B3AE8E81AEA2210005C3B53 /* CLTNoDataRsult.h */ = {isa = PBXFileReference; fileEncoding = 4; lastKnownFileType = sourcecode.c.h; path = CLTNoDataRsult.h; sourceTree = "<group>"; };
		4B3AE8E91AEA2210005C3B53 /* CLTNoDataRsult.m */ = {isa = PBXFileReference; fileEncoding = 4; lastKnownFileType = sourcecode.c.objc; path = CLTNoDataRsult.m; sourceTree = "<group>"; };
		4B3AE8EA1AEA2210005C3B53 /* CLTRecommend.h */ = {isa = PBXFileReference; fileEncoding = 4; lastKnownFileType = sourcecode.c.h; path = CLTRecommend.h; sourceTree = "<group>"; };
		4B3AE8EB1AEA2210005C3B53 /* CLTRecommend.m */ = {isa = PBXFileReference; fileEncoding = 4; lastKnownFileType = sourcecode.c.objc; path = CLTRecommend.m; sourceTree = "<group>"; };
		4B3AE8EC1AEA2210005C3B53 /* CLTSearchUserId.h */ = {isa = PBXFileReference; fileEncoding = 4; lastKnownFileType = sourcecode.c.h; path = CLTSearchUserId.h; sourceTree = "<group>"; };
		4B3AE8ED1AEA2210005C3B53 /* CLTSearchUserId.m */ = {isa = PBXFileReference; fileEncoding = 4; lastKnownFileType = sourcecode.c.objc; path = CLTSearchUserId.m; sourceTree = "<group>"; };
		4B3AE8EE1AEA2210005C3B53 /* CLTSearchUserIdResult.h */ = {isa = PBXFileReference; fileEncoding = 4; lastKnownFileType = sourcecode.c.h; path = CLTSearchUserIdResult.h; sourceTree = "<group>"; };
		4B3AE8EF1AEA2210005C3B53 /* CLTSearchUserIdResult.m */ = {isa = PBXFileReference; fileEncoding = 4; lastKnownFileType = sourcecode.c.objc; path = CLTSearchUserIdResult.m; sourceTree = "<group>"; };
		4B3AE8F01AEA2210005C3B53 /* CLTStatus.h */ = {isa = PBXFileReference; fileEncoding = 4; lastKnownFileType = sourcecode.c.h; path = CLTStatus.h; sourceTree = "<group>"; };
		4B3AE8F11AEA2210005C3B53 /* CLTStatus.m */ = {isa = PBXFileReference; fileEncoding = 4; lastKnownFileType = sourcecode.c.objc; path = CLTStatus.m; sourceTree = "<group>"; };
		4B3AE8F21AEA2210005C3B53 /* CLTStory.h */ = {isa = PBXFileReference; fileEncoding = 4; lastKnownFileType = sourcecode.c.h; path = CLTStory.h; sourceTree = "<group>"; };
		4B3AE8F31AEA2210005C3B53 /* CLTStory.m */ = {isa = PBXFileReference; fileEncoding = 4; lastKnownFileType = sourcecode.c.objc; path = CLTStory.m; sourceTree = "<group>"; };
		4B3AE8F41AEA2210005C3B53 /* CLTStoryDetial.h */ = {isa = PBXFileReference; fileEncoding = 4; lastKnownFileType = sourcecode.c.h; path = CLTStoryDetial.h; sourceTree = "<group>"; };
		4B3AE8F51AEA2210005C3B53 /* CLTStoryDetial.m */ = {isa = PBXFileReference; fileEncoding = 4; lastKnownFileType = sourcecode.c.objc; path = CLTStoryDetial.m; sourceTree = "<group>"; };
		4B3AE8F61AEA2210005C3B53 /* CLTUploadImageResult.h */ = {isa = PBXFileReference; fileEncoding = 4; lastKnownFileType = sourcecode.c.h; path = CLTUploadImageResult.h; sourceTree = "<group>"; };
		4B3AE8F71AEA2210005C3B53 /* CLTUploadImageResult.m */ = {isa = PBXFileReference; fileEncoding = 4; lastKnownFileType = sourcecode.c.objc; path = CLTUploadImageResult.m; sourceTree = "<group>"; };
		4B3AE8F81AEA2210005C3B53 /* CLTUserInfo.h */ = {isa = PBXFileReference; fileEncoding = 4; lastKnownFileType = sourcecode.c.h; path = CLTUserInfo.h; sourceTree = "<group>"; };
		4B3AE8F91AEA2210005C3B53 /* CLTUserInfo.m */ = {isa = PBXFileReference; fileEncoding = 4; lastKnownFileType = sourcecode.c.objc; path = CLTUserInfo.m; sourceTree = "<group>"; };
		4B3AE8FA1AEA2210005C3B53 /* CLTUserPublish.h */ = {isa = PBXFileReference; fileEncoding = 4; lastKnownFileType = sourcecode.c.h; path = CLTUserPublish.h; sourceTree = "<group>"; };
		4B3AE8FB1AEA2210005C3B53 /* CLTUserPublish.m */ = {isa = PBXFileReference; fileEncoding = 4; lastKnownFileType = sourcecode.c.objc; path = CLTUserPublish.m; sourceTree = "<group>"; };
		4B3AE90C1AEA2278005C3B53 /* CAINet.h */ = {isa = PBXFileReference; fileEncoding = 4; lastKnownFileType = sourcecode.c.h; path = CAINet.h; sourceTree = "<group>"; };
		4B3AE90D1AEA2278005C3B53 /* CAINet.m */ = {isa = PBXFileReference; fileEncoding = 4; lastKnownFileType = sourcecode.c.objc; path = CAINet.m; sourceTree = "<group>"; };
		4B3AE90F1AEA2440005C3B53 /* CAIClient.h */ = {isa = PBXFileReference; fileEncoding = 4; lastKnownFileType = sourcecode.c.h; path = CAIClient.h; sourceTree = "<group>"; };
		4B3AE9101AEA2440005C3B53 /* CAIClient.m */ = {isa = PBXFileReference; fileEncoding = 4; lastKnownFileType = sourcecode.c.objc; path = CAIClient.m; sourceTree = "<group>"; };
		4B49C02C1AE0EB0F0074CCB2 /* autoCoding.app */ = {isa = PBXFileReference; explicitFileType = wrapper.application; includeInIndex = 0; path = autoCoding.app; sourceTree = BUILT_PRODUCTS_DIR; };
		4B49C0301AE0EB0F0074CCB2 /* Info.plist */ = {isa = PBXFileReference; lastKnownFileType = text.plist.xml; path = Info.plist; sourceTree = "<group>"; };
		4B49C0311AE0EB0F0074CCB2 /* main.m */ = {isa = PBXFileReference; lastKnownFileType = sourcecode.c.objc; path = main.m; sourceTree = "<group>"; };
		4B49C0331AE0EB0F0074CCB2 /* AppDelegate.h */ = {isa = PBXFileReference; lastKnownFileType = sourcecode.c.h; path = AppDelegate.h; sourceTree = "<group>"; };
		4B49C0341AE0EB0F0074CCB2 /* AppDelegate.m */ = {isa = PBXFileReference; lastKnownFileType = sourcecode.c.objc; path = AppDelegate.m; sourceTree = "<group>"; };
		4B49C0371AE0EB0F0074CCB2 /* autoCoding.xcdatamodel */ = {isa = PBXFileReference; lastKnownFileType = wrapper.xcdatamodel; path = autoCoding.xcdatamodel; sourceTree = "<group>"; };
		4B49C0391AE0EB0F0074CCB2 /* ViewController.h */ = {isa = PBXFileReference; lastKnownFileType = sourcecode.c.h; path = ViewController.h; sourceTree = "<group>"; };
		4B49C03A1AE0EB0F0074CCB2 /* ViewController.m */ = {isa = PBXFileReference; lastKnownFileType = sourcecode.c.objc; path = ViewController.m; sourceTree = "<group>"; };
		4B49C03D1AE0EB0F0074CCB2 /* Base */ = {isa = PBXFileReference; lastKnownFileType = file.storyboard; name = Base; path = Base.lproj/Main.storyboard; sourceTree = "<group>"; };
		4B49C03F1AE0EB0F0074CCB2 /* Images.xcassets */ = {isa = PBXFileReference; lastKnownFileType = folder.assetcatalog; path = Images.xcassets; sourceTree = "<group>"; };
		4B49C0421AE0EB0F0074CCB2 /* Base */ = {isa = PBXFileReference; lastKnownFileType = file.xib; name = Base; path = Base.lproj/LaunchScreen.xib; sourceTree = "<group>"; };
		4B49C0481AE0EB0F0074CCB2 /* autoCodingTests.xctest */ = {isa = PBXFileReference; explicitFileType = wrapper.cfbundle; includeInIndex = 0; path = autoCodingTests.xctest; sourceTree = BUILT_PRODUCTS_DIR; };
		4B49C04D1AE0EB0F0074CCB2 /* Info.plist */ = {isa = PBXFileReference; lastKnownFileType = text.plist.xml; path = Info.plist; sourceTree = "<group>"; };
		4B49C04E1AE0EB0F0074CCB2 /* autoCodingTests.m */ = {isa = PBXFileReference; lastKnownFileType = sourcecode.c.objc; path = autoCodingTests.m; sourceTree = "<group>"; };
		4B49C0581AE0EBA80074CCB2 /* Models.plist */ = {isa = PBXFileReference; fileEncoding = 4; lastKnownFileType = text.plist.xml; path = Models.plist; sourceTree = "<group>"; };
		4B49C05C1AE0F1080074CCB2 /* file.plist */ = {isa = PBXFileReference; fileEncoding = 4; lastKnownFileType = text.plist.xml; path = file.plist; sourceTree = "<group>"; };
		4B6858F91AE4EFCD00155ED9 /* demoViewController.h */ = {isa = PBXFileReference; fileEncoding = 4; lastKnownFileType = sourcecode.c.h; path = demoViewController.h; sourceTree = "<group>"; };
		4B6858FA1AE4EFCD00155ED9 /* demoViewController.m */ = {isa = PBXFileReference; fileEncoding = 4; lastKnownFileType = sourcecode.c.objc; path = demoViewController.m; sourceTree = "<group>"; };
		4B6858FC1AE4F01100155ED9 /* CAITitleBar.h */ = {isa = PBXFileReference; fileEncoding = 4; lastKnownFileType = sourcecode.c.h; path = CAITitleBar.h; sourceTree = "<group>"; };
		4B6858FD1AE4F01100155ED9 /* CAITitleBar.m */ = {isa = PBXFileReference; fileEncoding = 4; lastKnownFileType = sourcecode.c.objc; path = CAITitleBar.m; sourceTree = "<group>"; };
/* End PBXFileReference section */

/* Begin PBXFrameworksBuildPhase section */
		4B08F26D1AE74FC3003A3D0B /* Frameworks */ = {
			isa = PBXFrameworksBuildPhase;
			buildActionMask = 2147483647;
			files = (
			);
			runOnlyForDeploymentPostprocessing = 0;
		};
		4B49C0291AE0EB0F0074CCB2 /* Frameworks */ = {
			isa = PBXFrameworksBuildPhase;
			buildActionMask = 2147483647;
			files = (
				4B08F31F1AE76AF5003A3D0B /* libsqlite3.dylib in Frameworks */,
			);
			runOnlyForDeploymentPostprocessing = 0;
		};
		4B49C0451AE0EB0F0074CCB2 /* Frameworks */ = {
			isa = PBXFrameworksBuildPhase;
			buildActionMask = 2147483647;
			files = (
			);
			runOnlyForDeploymentPostprocessing = 0;
		};
/* End PBXFrameworksBuildPhase section */

/* Begin PBXGroup section */
		4B08F2711AE74FC3003A3D0B /* compile */ = {
			isa = PBXGroup;
			children = (
				4B08F3201AE76D40003A3D0B /* interface.plist */,
				4B08F27A1AE75BF8003A3D0B /* file.plist */,
				4B08F27B1AE75BF8003A3D0B /* Models.plist */,
				4B08F2721AE74FC3003A3D0B /* main.m */,
				4B08F2771AE75A42003A3D0B /* CAIModelCompile.h */,
				4B08F2781AE75A42003A3D0B /* CAIModelCompile.m */,
				4B08F3211AE770AD003A3D0B /* CAIInterfaceCompile.h */,
				4B08F3221AE770AD003A3D0B /* CAIInterfaceCompile.m */,
			);
			path = compile;
			sourceTree = "<group>";
		};
		4B08F2831AE76A1B003A3D0B /* model */ = {
			isa = PBXGroup;
			children = (
				4B3AE90F1AEA2440005C3B53 /* CAIClient.h */,
				4B3AE9101AEA2440005C3B53 /* CAIClient.m */,
				4B3AE90C1AEA2278005C3B53 /* CAINet.h */,
				4B3AE90D1AEA2278005C3B53 /* CAINet.m */,
				4B3AE8DC1AEA2210005C3B53 /* CLTFriend.h */,
				4B3AE8DD1AEA2210005C3B53 /* CLTFriend.m */,
				4B3AE8DE1AEA2210005C3B53 /* CLTGetOtherUserListResult.h */,
				4B3AE8DF1AEA2210005C3B53 /* CLTGetOtherUserListResult.m */,
				4B3AE8E01AEA2210005C3B53 /* CLTGetRecommendResult.h */,
				4B3AE8E11AEA2210005C3B53 /* CLTGetRecommendResult.m */,
				4B3AE8E21AEA2210005C3B53 /* CLTGetStoryDetialResult.h */,
				4B3AE8E31AEA2210005C3B53 /* CLTGetStoryDetialResult.m */,
				4B3AE8E41AEA2210005C3B53 /* CLTGetStoryListResult.h */,
				4B3AE8E51AEA2210005C3B53 /* CLTGetStoryListResult.m */,
				4B3AE8E61AEA2210005C3B53 /* CLTGetUserInfoResult.h */,
				4B3AE8E71AEA2210005C3B53 /* CLTGetUserInfoResult.m */,
				4B3AE8E81AEA2210005C3B53 /* CLTNoDataRsult.h */,
				4B3AE8E91AEA2210005C3B53 /* CLTNoDataRsult.m */,
				4B3AE8EA1AEA2210005C3B53 /* CLTRecommend.h */,
				4B3AE8EB1AEA2210005C3B53 /* CLTRecommend.m */,
				4B3AE8EC1AEA2210005C3B53 /* CLTSearchUserId.h */,
				4B3AE8ED1AEA2210005C3B53 /* CLTSearchUserId.m */,
				4B3AE8EE1AEA2210005C3B53 /* CLTSearchUserIdResult.h */,
				4B3AE8EF1AEA2210005C3B53 /* CLTSearchUserIdResult.m */,
				4B3AE8F01AEA2210005C3B53 /* CLTStatus.h */,
				4B3AE8F11AEA2210005C3B53 /* CLTStatus.m */,
				4B3AE8F21AEA2210005C3B53 /* CLTStory.h */,
				4B3AE8F31AEA2210005C3B53 /* CLTStory.m */,
				4B3AE8F41AEA2210005C3B53 /* CLTStoryDetial.h */,
				4B3AE8F51AEA2210005C3B53 /* CLTStoryDetial.m */,
				4B3AE8F61AEA2210005C3B53 /* CLTUploadImageResult.h */,
				4B3AE8F71AEA2210005C3B53 /* CLTUploadImageResult.m */,
				4B3AE8F81AEA2210005C3B53 /* CLTUserInfo.h */,
				4B3AE8F91AEA2210005C3B53 /* CLTUserInfo.m */,
				4B3AE8FA1AEA2210005C3B53 /* CLTUserPublish.h */,
				4B3AE8FB1AEA2210005C3B53 /* CLTUserPublish.m */,
				4B08F2841AE76A1B003A3D0B /* CAIAppVersion.h */,
				4B08F2851AE76A1B003A3D0B /* CAIAppVersion.m */,
			);
			path = model;
			sourceTree = "<group>";
		};
		4B08F2891AE76AD1003A3D0B /* ThirdPart */ = {
			isa = PBXGroup;
			children = (
				4B08F28A1AE76AD1003A3D0B /* AFNetworking */,
				4B08F2B01AE76AD1003A3D0B /* FMDB */,
				4B08F2C91AE76AD1003A3D0B /* Mantle */,
				4B08F2EB1AE76AD1003A3D0B /* MTLFMDBAdapter */,
			);
			path = ThirdPart;
			sourceTree = "<group>";
		};
		4B08F28A1AE76AD1003A3D0B /* AFNetworking */ = {
			isa = PBXGroup;
			children = (
				4B08F28B1AE76AD1003A3D0B /* AFHTTPRequestOperation.h */,
				4B08F28C1AE76AD1003A3D0B /* AFHTTPRequestOperation.m */,
				4B08F28D1AE76AD1003A3D0B /* AFHTTPRequestOperationManager.h */,
				4B08F28E1AE76AD1003A3D0B /* AFHTTPRequestOperationManager.m */,
				4B08F28F1AE76AD1003A3D0B /* AFHTTPSessionManager.h */,
				4B08F2901AE76AD1003A3D0B /* AFHTTPSessionManager.m */,
				4B08F2911AE76AD1003A3D0B /* AFNetworking.h */,
				4B08F2921AE76AD1003A3D0B /* AFNetworkReachabilityManager.h */,
				4B08F2931AE76AD1003A3D0B /* AFNetworkReachabilityManager.m */,
				4B08F2941AE76AD1003A3D0B /* AFSecurityPolicy.h */,
				4B08F2951AE76AD1003A3D0B /* AFSecurityPolicy.m */,
				4B08F2961AE76AD1003A3D0B /* AFURLConnectionOperation.h */,
				4B08F2971AE76AD1003A3D0B /* AFURLConnectionOperation.m */,
				4B08F2981AE76AD1003A3D0B /* AFURLRequestSerialization.h */,
				4B08F2991AE76AD1003A3D0B /* AFURLRequestSerialization.m */,
				4B08F29A1AE76AD1003A3D0B /* AFURLResponseSerialization.h */,
				4B08F29B1AE76AD1003A3D0B /* AFURLResponseSerialization.m */,
				4B08F29C1AE76AD1003A3D0B /* AFURLSessionManager.h */,
				4B08F29D1AE76AD1003A3D0B /* AFURLSessionManager.m */,
				4B08F29E1AE76AD1003A3D0B /* UIKit+AFNetworking */,
			);
			path = AFNetworking;
			sourceTree = "<group>";
		};
		4B08F29E1AE76AD1003A3D0B /* UIKit+AFNetworking */ = {
			isa = PBXGroup;
			children = (
				4B08F29F1AE76AD1003A3D0B /* AFNetworkActivityIndicatorManager.h */,
				4B08F2A01AE76AD1003A3D0B /* AFNetworkActivityIndicatorManager.m */,
				4B08F2A11AE76AD1003A3D0B /* UIActivityIndicatorView+AFNetworking.h */,
				4B08F2A21AE76AD1003A3D0B /* UIActivityIndicatorView+AFNetworking.m */,
				4B08F2A31AE76AD1003A3D0B /* UIAlertView+AFNetworking.h */,
				4B08F2A41AE76AD1003A3D0B /* UIAlertView+AFNetworking.m */,
				4B08F2A51AE76AD1003A3D0B /* UIButton+AFNetworking.h */,
				4B08F2A61AE76AD1003A3D0B /* UIButton+AFNetworking.m */,
				4B08F2A71AE76AD1003A3D0B /* UIImageView+AFNetworking.h */,
				4B08F2A81AE76AD1003A3D0B /* UIImageView+AFNetworking.m */,
				4B08F2A91AE76AD1003A3D0B /* UIKit+AFNetworking.h */,
				4B08F2AA1AE76AD1003A3D0B /* UIProgressView+AFNetworking.h */,
				4B08F2AB1AE76AD1003A3D0B /* UIProgressView+AFNetworking.m */,
				4B08F2AC1AE76AD1003A3D0B /* UIRefreshControl+AFNetworking.h */,
				4B08F2AD1AE76AD1003A3D0B /* UIRefreshControl+AFNetworking.m */,
				4B08F2AE1AE76AD1003A3D0B /* UIWebView+AFNetworking.h */,
				4B08F2AF1AE76AD1003A3D0B /* UIWebView+AFNetworking.m */,
			);
			path = "UIKit+AFNetworking";
			sourceTree = "<group>";
		};
		4B08F2B01AE76AD1003A3D0B /* FMDB */ = {
			isa = PBXGroup;
			children = (
				4B08F2B11AE76AD1003A3D0B /* extra */,
				4B08F2BD1AE76AD1003A3D0B /* fmdb */,
			);
			path = FMDB;
			sourceTree = "<group>";
		};
		4B08F2B11AE76AD1003A3D0B /* extra */ = {
			isa = PBXGroup;
			children = (
				4B08F2B21AE76AD1003A3D0B /* fts3 */,
				4B08F2B81AE76AD1003A3D0B /* InMemoryOnDiskIO */,
			);
			path = extra;
			sourceTree = "<group>";
		};
		4B08F2B21AE76AD1003A3D0B /* fts3 */ = {
			isa = PBXGroup;
			children = (
				4B08F2B31AE76AD1003A3D0B /* FMDatabase+FTS3.h */,
				4B08F2B41AE76AD1003A3D0B /* FMDatabase+FTS3.m */,
				4B08F2B51AE76AD1003A3D0B /* FMTokenizers.h */,
				4B08F2B61AE76AD1003A3D0B /* FMTokenizers.m */,
				4B08F2B71AE76AD1003A3D0B /* fts3_tokenizer.h */,
			);
			path = fts3;
			sourceTree = "<group>";
		};
		4B08F2B81AE76AD1003A3D0B /* InMemoryOnDiskIO */ = {
			isa = PBXGroup;
			children = (
				4B08F2B91AE76AD1003A3D0B /* FMDatabase+InMemoryOnDiskIO.h */,
				4B08F2BA1AE76AD1003A3D0B /* FMDatabase+InMemoryOnDiskIO.m */,
			);
			path = InMemoryOnDiskIO;
			sourceTree = "<group>";
		};
		4B08F2BD1AE76AD1003A3D0B /* fmdb */ = {
			isa = PBXGroup;
			children = (
				4B08F2BE1AE76AD1003A3D0B /* FMDatabase.h */,
				4B08F2BF1AE76AD1003A3D0B /* FMDatabase.m */,
				4B08F2C01AE76AD1003A3D0B /* FMDatabaseAdditions.h */,
				4B08F2C11AE76AD1003A3D0B /* FMDatabaseAdditions.m */,
				4B08F2C21AE76AD1003A3D0B /* FMDatabasePool.h */,
				4B08F2C31AE76AD1003A3D0B /* FMDatabasePool.m */,
				4B08F2C41AE76AD1003A3D0B /* FMDatabaseQueue.h */,
				4B08F2C51AE76AD1003A3D0B /* FMDatabaseQueue.m */,
				4B08F2C61AE76AD1003A3D0B /* FMDB.h */,
				4B08F2C71AE76AD1003A3D0B /* FMResultSet.h */,
				4B08F2C81AE76AD1003A3D0B /* FMResultSet.m */,
			);
			path = fmdb;
			sourceTree = "<group>";
		};
		4B08F2C91AE76AD1003A3D0B /* Mantle */ = {
			isa = PBXGroup;
			children = (
				4B08F2CA1AE76AD1003A3D0B /* extobjc */,
				4B08F2D11AE76AD1003A3D0B /* Info.plist */,
				4B08F2D21AE76AD1003A3D0B /* Mantle.h */,
				4B08F2D31AE76AD1003A3D0B /* MTLJSONAdapter.h */,
				4B08F2D41AE76AD1003A3D0B /* MTLJSONAdapter.m */,
				4B08F2D51AE76AD1003A3D0B /* MTLManagedObjectAdapter.h */,
				4B08F2D61AE76AD1003A3D0B /* MTLManagedObjectAdapter.m */,
				4B08F2D71AE76AD1003A3D0B /* MTLModel+NSCoding.h */,
				4B08F2D81AE76AD1003A3D0B /* MTLModel+NSCoding.m */,
				4B08F2D91AE76AD1003A3D0B /* MTLModel.h */,
				4B08F2DA1AE76AD1003A3D0B /* MTLModel.m */,
				4B08F2DB1AE76AD1003A3D0B /* MTLReflection.h */,
				4B08F2DC1AE76AD1003A3D0B /* MTLReflection.m */,
				4B08F2DD1AE76AD1003A3D0B /* MTLValueTransformer.h */,
				4B08F2DE1AE76AD1003A3D0B /* MTLValueTransformer.m */,
				4B08F2DF1AE76AD1003A3D0B /* NSArray+MTLManipulationAdditions.h */,
				4B08F2E01AE76AD1003A3D0B /* NSArray+MTLManipulationAdditions.m */,
				4B08F2E11AE76AD1003A3D0B /* NSDictionary+MTLManipulationAdditions.h */,
				4B08F2E21AE76AD1003A3D0B /* NSDictionary+MTLManipulationAdditions.m */,
				4B08F2E31AE76AD1003A3D0B /* NSError+MTLModelException.h */,
				4B08F2E41AE76AD1003A3D0B /* NSError+MTLModelException.m */,
				4B08F2E51AE76AD1003A3D0B /* NSObject+MTLComparisonAdditions.h */,
				4B08F2E61AE76AD1003A3D0B /* NSObject+MTLComparisonAdditions.m */,
				4B08F2E71AE76AD1003A3D0B /* NSValueTransformer+MTLInversionAdditions.h */,
				4B08F2E81AE76AD1003A3D0B /* NSValueTransformer+MTLInversionAdditions.m */,
				4B08F2E91AE76AD1003A3D0B /* NSValueTransformer+MTLPredefinedTransformerAdditions.h */,
				4B08F2EA1AE76AD1003A3D0B /* NSValueTransformer+MTLPredefinedTransformerAdditions.m */,
			);
			path = Mantle;
			sourceTree = "<group>";
		};
		4B08F2CA1AE76AD1003A3D0B /* extobjc */ = {
			isa = PBXGroup;
			children = (
				4B08F2CB1AE76AD1003A3D0B /* EXTKeyPathCoding.h */,
				4B08F2CC1AE76AD1003A3D0B /* EXTRuntimeExtensions.h */,
				4B08F2CD1AE76AD1003A3D0B /* EXTRuntimeExtensions.m */,
				4B08F2CE1AE76AD1003A3D0B /* EXTScope.h */,
				4B08F2CF1AE76AD1003A3D0B /* EXTScope.m */,
				4B08F2D01AE76AD1003A3D0B /* metamacros.h */,
			);
			path = extobjc;
			sourceTree = "<group>";
		};
		4B08F2EB1AE76AD1003A3D0B /* MTLFMDBAdapter */ = {
			isa = PBXGroup;
			children = (
				4B08F2EC1AE76AD1003A3D0B /* CAIFMDBQuery.h */,
				4B08F2ED1AE76AD1003A3D0B /* CAIFMDBQuery.m */,
				4B08F2EE1AE76AD1003A3D0B /* CAISection.h */,
				4B08F2EF1AE76AD1003A3D0B /* CAISection.m */,
				4B08F2F01AE76AD1003A3D0B /* MTLFMDBAdapter.h */,
				4B08F2F11AE76AD1003A3D0B /* MTLFMDBAdapter.m */,
			);
			path = MTLFMDBAdapter;
			sourceTree = "<group>";
		};
		4B49C0231AE0EB0F0074CCB2 = {
			isa = PBXGroup;
			children = (
				4B08F31E1AE76AF5003A3D0B /* libsqlite3.dylib */,
				4B49C02E1AE0EB0F0074CCB2 /* autoCoding */,
				4B49C04B1AE0EB0F0074CCB2 /* autoCodingTests */,
				4B08F2711AE74FC3003A3D0B /* compile */,
				4B49C02D1AE0EB0F0074CCB2 /* Products */,
			);
			sourceTree = "<group>";
		};
		4B49C02D1AE0EB0F0074CCB2 /* Products */ = {
			isa = PBXGroup;
			children = (
				4B49C02C1AE0EB0F0074CCB2 /* autoCoding.app */,
				4B49C0481AE0EB0F0074CCB2 /* autoCodingTests.xctest */,
				4B08F2701AE74FC3003A3D0B /* compile */,
			);
			name = Products;
			sourceTree = "<group>";
		};
		4B49C02E1AE0EB0F0074CCB2 /* autoCoding */ = {
			isa = PBXGroup;
			children = (
				4B08F2891AE76AD1003A3D0B /* ThirdPart */,
				4B08F2831AE76A1B003A3D0B /* model */,
				4B49C0331AE0EB0F0074CCB2 /* AppDelegate.h */,
				4B49C0341AE0EB0F0074CCB2 /* AppDelegate.m */,
				4B49C0391AE0EB0F0074CCB2 /* ViewController.h */,
				4B49C03A1AE0EB0F0074CCB2 /* ViewController.m */,
				4B49C03C1AE0EB0F0074CCB2 /* Main.storyboard */,
				4B49C03F1AE0EB0F0074CCB2 /* Images.xcassets */,
				4B49C0411AE0EB0F0074CCB2 /* LaunchScreen.xib */,
				4B49C0361AE0EB0F0074CCB2 /* autoCoding.xcdatamodeld */,
				4B49C02F1AE0EB0F0074CCB2 /* Supporting Files */,
				4B6858F91AE4EFCD00155ED9 /* demoViewController.h */,
				4B6858FA1AE4EFCD00155ED9 /* demoViewController.m */,
				4B6858FC1AE4F01100155ED9 /* CAITitleBar.h */,
				4B6858FD1AE4F01100155ED9 /* CAITitleBar.m */,
			);
			path = autoCoding;
			sourceTree = "<group>";
		};
		4B49C02F1AE0EB0F0074CCB2 /* Supporting Files */ = {
			isa = PBXGroup;
			children = (
				4B49C0581AE0EBA80074CCB2 /* Models.plist */,
				4B49C05C1AE0F1080074CCB2 /* file.plist */,
				4B49C0301AE0EB0F0074CCB2 /* Info.plist */,
				4B49C0311AE0EB0F0074CCB2 /* main.m */,
			);
			name = "Supporting Files";
			sourceTree = "<group>";
		};
		4B49C04B1AE0EB0F0074CCB2 /* autoCodingTests */ = {
			isa = PBXGroup;
			children = (
				4B49C04E1AE0EB0F0074CCB2 /* autoCodingTests.m */,
				4B49C04C1AE0EB0F0074CCB2 /* Supporting Files */,
			);
			path = autoCodingTests;
			sourceTree = "<group>";
		};
		4B49C04C1AE0EB0F0074CCB2 /* Supporting Files */ = {
			isa = PBXGroup;
			children = (
				4B49C04D1AE0EB0F0074CCB2 /* Info.plist */,
			);
			name = "Supporting Files";
			sourceTree = "<group>";
		};
/* End PBXGroup section */

/* Begin PBXNativeTarget section */
		4B08F26F1AE74FC3003A3D0B /* compile */ = {
			isa = PBXNativeTarget;
			buildConfigurationList = 4B08F2741AE74FC3003A3D0B /* Build configuration list for PBXNativeTarget "compile" */;
			buildPhases = (
				4B08F26C1AE74FC3003A3D0B /* Sources */,
				4B08F26D1AE74FC3003A3D0B /* Frameworks */,
				4B08F26E1AE74FC3003A3D0B /* CopyFiles */,
			);
			buildRules = (
			);
			dependencies = (
			);
			name = compile;
			productName = compile;
			productReference = 4B08F2701AE74FC3003A3D0B /* compile */;
			productType = "com.apple.product-type.tool";
		};
		4B49C02B1AE0EB0F0074CCB2 /* autoCoding */ = {
			isa = PBXNativeTarget;
			buildConfigurationList = 4B49C0521AE0EB0F0074CCB2 /* Build configuration list for PBXNativeTarget "autoCoding" */;
			buildPhases = (
				4B49C0281AE0EB0F0074CCB2 /* Sources */,
				4B49C0291AE0EB0F0074CCB2 /* Frameworks */,
				4B49C02A1AE0EB0F0074CCB2 /* Resources */,
			);
			buildRules = (
			);
			dependencies = (
			);
			name = autoCoding;
			productName = autoCoding;
			productReference = 4B49C02C1AE0EB0F0074CCB2 /* autoCoding.app */;
			productType = "com.apple.product-type.application";
		};
		4B49C0471AE0EB0F0074CCB2 /* autoCodingTests */ = {
			isa = PBXNativeTarget;
			buildConfigurationList = 4B49C0551AE0EB0F0074CCB2 /* Build configuration list for PBXNativeTarget "autoCodingTests" */;
			buildPhases = (
				4B49C0441AE0EB0F0074CCB2 /* Sources */,
				4B49C0451AE0EB0F0074CCB2 /* Frameworks */,
				4B49C0461AE0EB0F0074CCB2 /* Resources */,
			);
			buildRules = (
			);
			dependencies = (
				4B49C04A1AE0EB0F0074CCB2 /* PBXTargetDependency */,
			);
			name = autoCodingTests;
			productName = autoCodingTests;
			productReference = 4B49C0481AE0EB0F0074CCB2 /* autoCodingTests.xctest */;
			productType = "com.apple.product-type.bundle.unit-test";
		};
/* End PBXNativeTarget section */

/* Begin PBXProject section */
		4B49C0241AE0EB0F0074CCB2 /* Project object */ = {
			isa = PBXProject;
			attributes = {
				LastUpgradeCheck = 0610;
				ORGANIZATIONNAME = liyufeng;
				TargetAttributes = {
					4B08F26F1AE74FC3003A3D0B = {
						CreatedOnToolsVersion = 6.1.1;
					};
					4B49C02B1AE0EB0F0074CCB2 = {
						CreatedOnToolsVersion = 6.1.1;
					};
					4B49C0471AE0EB0F0074CCB2 = {
						CreatedOnToolsVersion = 6.1.1;
						TestTargetID = 4B49C02B1AE0EB0F0074CCB2;
					};
				};
			};
			buildConfigurationList = 4B49C0271AE0EB0F0074CCB2 /* Build configuration list for PBXProject "autoCoding" */;
			compatibilityVersion = "Xcode 3.2";
			developmentRegion = English;
			hasScannedForEncodings = 0;
			knownRegions = (
				en,
				Base,
			);
			mainGroup = 4B49C0231AE0EB0F0074CCB2;
			productRefGroup = 4B49C02D1AE0EB0F0074CCB2 /* Products */;
			projectDirPath = "";
			projectRoot = "";
			targets = (
				4B49C02B1AE0EB0F0074CCB2 /* autoCoding */,
				4B49C0471AE0EB0F0074CCB2 /* autoCodingTests */,
				4B08F26F1AE74FC3003A3D0B /* compile */,
			);
		};
/* End PBXProject section */

/* Begin PBXResourcesBuildPhase section */
		4B49C02A1AE0EB0F0074CCB2 /* Resources */ = {
			isa = PBXResourcesBuildPhase;
			buildActionMask = 2147483647;
			files = (
				4B49C03E1AE0EB0F0074CCB2 /* Main.storyboard in Resources */,
				4B49C0431AE0EB0F0074CCB2 /* LaunchScreen.xib in Resources */,
				4B08F30E1AE76AD1003A3D0B /* Info.plist in Resources */,
				4B49C05D1AE0F1080074CCB2 /* file.plist in Resources */,
				4B49C0591AE0EBA80074CCB2 /* Models.plist in Resources */,
				4B49C0401AE0EB0F0074CCB2 /* Images.xcassets in Resources */,
			);
			runOnlyForDeploymentPostprocessing = 0;
		};
		4B49C0461AE0EB0F0074CCB2 /* Resources */ = {
			isa = PBXResourcesBuildPhase;
			buildActionMask = 2147483647;
			files = (
			);
			runOnlyForDeploymentPostprocessing = 0;
		};
/* End PBXResourcesBuildPhase section */

/* Begin PBXSourcesBuildPhase section */
		4B08F26C1AE74FC3003A3D0B /* Sources */ = {
			isa = PBXSourcesBuildPhase;
			buildActionMask = 2147483647;
			files = (
				4B08F3231AE770AD003A3D0B /* CAIInterfaceCompile.m in Sources */,
				4B08F2731AE74FC3003A3D0B /* main.m in Sources */,
				4B08F2791AE75A42003A3D0B /* CAIModelCompile.m in Sources */,
			);
			runOnlyForDeploymentPostprocessing = 0;
		};
		4B49C0281AE0EB0F0074CCB2 /* Sources */ = {
			isa = PBXSourcesBuildPhase;
			buildActionMask = 2147483647;
			files = (
				4B08F3011AE76AD1003A3D0B /* UIRefreshControl+AFNetworking.m in Sources */,
				4B08F2F71AE76AD1003A3D0B /* AFURLConnectionOperation.m in Sources */,
				4B49C0381AE0EB0F0074CCB2 /* autoCoding.xcdatamodeld in Sources */,
				4B3AE9071AEA2210005C3B53 /* CLTStory.m in Sources */,
				4B08F3001AE76AD1003A3D0B /* UIProgressView+AFNetworking.m in Sources */,
				4B08F31A1AE76AD1003A3D0B /* NSValueTransformer+MTLPredefinedTransformerAdditions.m in Sources */,
				4B3AE8FD1AEA2210005C3B53 /* CLTGetOtherUserListResult.m in Sources */,
				4B3AE9011AEA2210005C3B53 /* CLTGetUserInfoResult.m in Sources */,
				4B3AE9081AEA2210005C3B53 /* CLTStoryDetial.m in Sources */,
				4B49C0351AE0EB0F0074CCB2 /* AppDelegate.m in Sources */,
				4B08F3051AE76AD1003A3D0B /* FMDatabase+InMemoryOnDiskIO.m in Sources */,
				4B3AE8FF1AEA2210005C3B53 /* CLTGetStoryDetialResult.m in Sources */,
				4B08F3191AE76AD1003A3D0B /* NSValueTransformer+MTLInversionAdditions.m in Sources */,
				4B08F30C1AE76AD1003A3D0B /* EXTRuntimeExtensions.m in Sources */,
				4B3AE9061AEA2210005C3B53 /* CLTStatus.m in Sources */,
				4B3AE9031AEA2210005C3B53 /* CLTRecommend.m in Sources */,
				4B08F2FD1AE76AD1003A3D0B /* UIAlertView+AFNetworking.m in Sources */,
				4B08F3101AE76AD1003A3D0B /* MTLManagedObjectAdapter.m in Sources */,
				4B6858FE1AE4F01100155ED9 /* CAITitleBar.m in Sources */,
				4B08F3071AE76AD1003A3D0B /* FMDatabase.m in Sources */,
				4B08F30D1AE76AD1003A3D0B /* EXTScope.m in Sources */,
				4B08F2F91AE76AD1003A3D0B /* AFURLResponseSerialization.m in Sources */,
				4B08F2FE1AE76AD1003A3D0B /* UIButton+AFNetworking.m in Sources */,
				4B08F3141AE76AD1003A3D0B /* MTLValueTransformer.m in Sources */,
				4B6858FB1AE4EFCD00155ED9 /* demoViewController.m in Sources */,
				4B08F2FC1AE76AD1003A3D0B /* UIActivityIndicatorView+AFNetworking.m in Sources */,
				4B3AE9111AEA2440005C3B53 /* CAIClient.m in Sources */,
				4B3AE8FC1AEA2210005C3B53 /* CLTFriend.m in Sources */,
				4B3AE9091AEA2210005C3B53 /* CLTUploadImageResult.m in Sources */,
				4B08F3091AE76AD1003A3D0B /* FMDatabasePool.m in Sources */,
				4B08F3151AE76AD1003A3D0B /* NSArray+MTLManipulationAdditions.m in Sources */,
				4B08F3131AE76AD1003A3D0B /* MTLReflection.m in Sources */,
				4B08F2F81AE76AD1003A3D0B /* AFURLRequestSerialization.m in Sources */,
				4B3AE9001AEA2210005C3B53 /* CLTGetStoryListResult.m in Sources */,
				4B08F2FB1AE76AD1003A3D0B /* AFNetworkActivityIndicatorManager.m in Sources */,
				4B08F3121AE76AD1003A3D0B /* MTLModel.m in Sources */,
				4B08F30F1AE76AD1003A3D0B /* MTLJSONAdapter.m in Sources */,
				4B3AE90E1AEA2278005C3B53 /* CAINet.m in Sources */,
				4B08F2F61AE76AD1003A3D0B /* AFSecurityPolicy.m in Sources */,
				4B3AE9021AEA2210005C3B53 /* CLTNoDataRsult.m in Sources */,
				4B08F31C1AE76AD1003A3D0B /* CAISection.m in Sources */,
				4B08F2F21AE76AD1003A3D0B /* AFHTTPRequestOperation.m in Sources */,
				4B08F2FA1AE76AD1003A3D0B /* AFURLSessionManager.m in Sources */,
				4B08F3111AE76AD1003A3D0B /* MTLModel+NSCoding.m in Sources */,
				4B3AE9051AEA2210005C3B53 /* CLTSearchUserIdResult.m in Sources */,
				4B08F3181AE76AD1003A3D0B /* NSObject+MTLComparisonAdditions.m in Sources */,
				4B08F3171AE76AD1003A3D0B /* NSError+MTLModelException.m in Sources */,
				4B08F3041AE76AD1003A3D0B /* FMTokenizers.m in Sources */,
				4B49C03B1AE0EB0F0074CCB2 /* ViewController.m in Sources */,
				4B08F2871AE76A1B003A3D0B /* CAIAppVersion.m in Sources */,
				4B08F2F41AE76AD1003A3D0B /* AFHTTPSessionManager.m in Sources */,
				4B08F31B1AE76AD1003A3D0B /* CAIFMDBQuery.m in Sources */,
				4B08F3031AE76AD1003A3D0B /* FMDatabase+FTS3.m in Sources */,
				4B08F30A1AE76AD1003A3D0B /* FMDatabaseQueue.m in Sources */,
				4B49C0321AE0EB0F0074CCB2 /* main.m in Sources */,
				4B08F3021AE76AD1003A3D0B /* UIWebView+AFNetworking.m in Sources */,
				4B3AE8FE1AEA2210005C3B53 /* CLTGetRecommendResult.m in Sources */,
				4B3AE9041AEA2210005C3B53 /* CLTSearchUserId.m in Sources */,
				4B08F2F51AE76AD1003A3D0B /* AFNetworkReachabilityManager.m in Sources */,
				4B08F2FF1AE76AD1003A3D0B /* UIImageView+AFNetworking.m in Sources */,
				4B08F3161AE76AD1003A3D0B /* NSDictionary+MTLManipulationAdditions.m in Sources */,
				4B08F30B1AE76AD1003A3D0B /* FMResultSet.m in Sources */,
				4B08F2F31AE76AD1003A3D0B /* AFHTTPRequestOperationManager.m in Sources */,
				4B3AE90B1AEA2210005C3B53 /* CLTUserPublish.m in Sources */,
				4B3AE90A1AEA2210005C3B53 /* CLTUserInfo.m in Sources */,
				4B08F31D1AE76AD1003A3D0B /* MTLFMDBAdapter.m in Sources */,
				4B08F3081AE76AD1003A3D0B /* FMDatabaseAdditions.m in Sources */,
			);
			runOnlyForDeploymentPostprocessing = 0;
		};
		4B49C0441AE0EB0F0074CCB2 /* Sources */ = {
			isa = PBXSourcesBuildPhase;
			buildActionMask = 2147483647;
			files = (
				4B49C04F1AE0EB0F0074CCB2 /* autoCodingTests.m in Sources */,
			);
			runOnlyForDeploymentPostprocessing = 0;
		};
/* End PBXSourcesBuildPhase section */

/* Begin PBXTargetDependency section */
		4B49C04A1AE0EB0F0074CCB2 /* PBXTargetDependency */ = {
			isa = PBXTargetDependency;
			target = 4B49C02B1AE0EB0F0074CCB2 /* autoCoding */;
			targetProxy = 4B49C0491AE0EB0F0074CCB2 /* PBXContainerItemProxy */;
		};
/* End PBXTargetDependency section */

/* Begin PBXVariantGroup section */
		4B49C03C1AE0EB0F0074CCB2 /* Main.storyboard */ = {
			isa = PBXVariantGroup;
			children = (
				4B49C03D1AE0EB0F0074CCB2 /* Base */,
			);
			name = Main.storyboard;
			sourceTree = "<group>";
		};
		4B49C0411AE0EB0F0074CCB2 /* LaunchScreen.xib */ = {
			isa = PBXVariantGroup;
			children = (
				4B49C0421AE0EB0F0074CCB2 /* Base */,
			);
			name = LaunchScreen.xib;
			sourceTree = "<group>";
		};
/* End PBXVariantGroup section */

/* Begin XCBuildConfiguration section */
		4B08F2751AE74FC3003A3D0B /* Debug */ = {
			isa = XCBuildConfiguration;
			buildSettings = {
				FILE_PATH = "$(inherited) $(PROJECT_DIR)/compile/file.plist";
				GCC_PREPROCESSOR_DEFINITIONS = (
					"DEBUG=1",
					"$(inherited)",
				);
				MACOSX_DEPLOYMENT_TARGET = 10.10;
				MODEL_PATH = "";
				MTL_ENABLE_DEBUG_INFO = "$(inherited) $(PROJECT_DIR)/compile/Models.plist";
				PRODUCT_NAME = "$(TARGET_NAME)";
				SDKROOT = macosx;
			};
			name = Debug;
		};
		4B08F2761AE74FC3003A3D0B /* Release */ = {
			isa = XCBuildConfiguration;
			buildSettings = {
				DEBUG_INFORMATION_FORMAT = "dwarf-with-dsym";
				FILE_PATH = "$(inherited) $(PROJECT_DIR)/compile/file.plist";
				MACOSX_DEPLOYMENT_TARGET = 10.10;
				MODEL_PATH = "";
				MTL_ENABLE_DEBUG_INFO = "$(inherited) $(PROJECT_DIR)/compile/Models.plist";
				PRODUCT_NAME = "$(TARGET_NAME)";
				SDKROOT = macosx;
			};
			name = Release;
		};
		4B49C0501AE0EB0F0074CCB2 /* Debug */ = {
			isa = XCBuildConfiguration;
			buildSettings = {
				ALWAYS_SEARCH_USER_PATHS = NO;
				CLANG_CXX_LANGUAGE_STANDARD = "gnu++0x";
				CLANG_CXX_LIBRARY = "libc++";
				CLANG_ENABLE_MODULES = YES;
				CLANG_ENABLE_OBJC_ARC = YES;
				CLANG_WARN_BOOL_CONVERSION = YES;
				CLANG_WARN_CONSTANT_CONVERSION = YES;
				CLANG_WARN_DIRECT_OBJC_ISA_USAGE = YES_ERROR;
				CLANG_WARN_EMPTY_BODY = YES;
				CLANG_WARN_ENUM_CONVERSION = YES;
				CLANG_WARN_INT_CONVERSION = YES;
				CLANG_WARN_OBJC_ROOT_CLASS = YES_ERROR;
				CLANG_WARN_UNREACHABLE_CODE = YES;
				CLANG_WARN__DUPLICATE_METHOD_MATCH = YES;
				"CODE_SIGN_IDENTITY[sdk=iphoneos*]" = "iPhone Developer";
				COPY_PHASE_STRIP = NO;
				ENABLE_STRICT_OBJC_MSGSEND = YES;
				GCC_C_LANGUAGE_STANDARD = gnu99;
				GCC_DYNAMIC_NO_PIC = NO;
				GCC_OPTIMIZATION_LEVEL = 0;
				GCC_PREPROCESSOR_DEFINITIONS = (
					"DEBUG=1",
					"$(inherited)",
				);
				GCC_SYMBOLS_PRIVATE_EXTERN = NO;
				GCC_WARN_64_TO_32_BIT_CONVERSION = YES;
				GCC_WARN_ABOUT_RETURN_TYPE = YES_ERROR;
				GCC_WARN_UNDECLARED_SELECTOR = YES;
				GCC_WARN_UNINITIALIZED_AUTOS = YES_AGGRESSIVE;
				GCC_WARN_UNUSED_FUNCTION = YES;
				GCC_WARN_UNUSED_VARIABLE = YES;
				IPHONEOS_DEPLOYMENT_TARGET = 8.1;
				MTL_ENABLE_DEBUG_INFO = YES;
				ONLY_ACTIVE_ARCH = YES;
				SDKROOT = iphoneos;
				TARGETED_DEVICE_FAMILY = "1,2";
			};
			name = Debug;
		};
		4B49C0511AE0EB0F0074CCB2 /* Release */ = {
			isa = XCBuildConfiguration;
			buildSettings = {
				ALWAYS_SEARCH_USER_PATHS = NO;
				CLANG_CXX_LANGUAGE_STANDARD = "gnu++0x";
				CLANG_CXX_LIBRARY = "libc++";
				CLANG_ENABLE_MODULES = YES;
				CLANG_ENABLE_OBJC_ARC = YES;
				CLANG_WARN_BOOL_CONVERSION = YES;
				CLANG_WARN_CONSTANT_CONVERSION = YES;
				CLANG_WARN_DIRECT_OBJC_ISA_USAGE = YES_ERROR;
				CLANG_WARN_EMPTY_BODY = YES;
				CLANG_WARN_ENUM_CONVERSION = YES;
				CLANG_WARN_INT_CONVERSION = YES;
				CLANG_WARN_OBJC_ROOT_CLASS = YES_ERROR;
				CLANG_WARN_UNREACHABLE_CODE = YES;
				CLANG_WARN__DUPLICATE_METHOD_MATCH = YES;
				"CODE_SIGN_IDENTITY[sdk=iphoneos*]" = "iPhone Developer";
				COPY_PHASE_STRIP = YES;
				ENABLE_NS_ASSERTIONS = NO;
				ENABLE_STRICT_OBJC_MSGSEND = YES;
				GCC_C_LANGUAGE_STANDARD = gnu99;
				GCC_WARN_64_TO_32_BIT_CONVERSION = YES;
				GCC_WARN_ABOUT_RETURN_TYPE = YES_ERROR;
				GCC_WARN_UNDECLARED_SELECTOR = YES;
				GCC_WARN_UNINITIALIZED_AUTOS = YES_AGGRESSIVE;
				GCC_WARN_UNUSED_FUNCTION = YES;
				GCC_WARN_UNUSED_VARIABLE = YES;
				IPHONEOS_DEPLOYMENT_TARGET = 8.1;
				MTL_ENABLE_DEBUG_INFO = NO;
				SDKROOT = iphoneos;
				TARGETED_DEVICE_FAMILY = "1,2";
				VALIDATE_PRODUCT = YES;
			};
			name = Release;
		};
		4B49C0531AE0EB0F0074CCB2 /* Debug */ = {
			isa = XCBuildConfiguration;
			buildSettings = {
				ASSETCATALOG_COMPILER_APPICON_NAME = AppIcon;
				INFOPLIST_FILE = autoCoding/Info.plist;
				LD_RUNPATH_SEARCH_PATHS = "$(inherited) @executable_path/Frameworks";
				PRODUCT_NAME = "$(TARGET_NAME)";
			};
			name = Debug;
		};
		4B49C0541AE0EB0F0074CCB2 /* Release */ = {
			isa = XCBuildConfiguration;
			buildSettings = {
				ASSETCATALOG_COMPILER_APPICON_NAME = AppIcon;
				INFOPLIST_FILE = autoCoding/Info.plist;
				LD_RUNPATH_SEARCH_PATHS = "$(inherited) @executable_path/Frameworks";
				PRODUCT_NAME = "$(TARGET_NAME)";
			};
			name = Release;
		};
		4B49C0561AE0EB0F0074CCB2 /* Debug */ = {
			isa = XCBuildConfiguration;
			buildSettings = {
				BUNDLE_LOADER = "$(TEST_HOST)";
				FRAMEWORK_SEARCH_PATHS = (
					"$(SDKROOT)/Developer/Library/Frameworks",
					"$(inherited)",
				);
				GCC_PREPROCESSOR_DEFINITIONS = (
					"DEBUG=1",
					"$(inherited)",
				);
				INFOPLIST_FILE = autoCodingTests/Info.plist;
				LD_RUNPATH_SEARCH_PATHS = "$(inherited) @executable_path/Frameworks @loader_path/Frameworks";
				PRODUCT_NAME = "$(TARGET_NAME)";
				TEST_HOST = "$(BUILT_PRODUCTS_DIR)/autoCoding.app/autoCoding";
			};
			name = Debug;
		};
		4B49C0571AE0EB0F0074CCB2 /* Release */ = {
			isa = XCBuildConfiguration;
			buildSettings = {
				BUNDLE_LOADER = "$(TEST_HOST)";
				FRAMEWORK_SEARCH_PATHS = (
					"$(SDKROOT)/Developer/Library/Frameworks",
					"$(inherited)",
				);
				INFOPLIST_FILE = autoCodingTests/Info.plist;
				LD_RUNPATH_SEARCH_PATHS = "$(inherited) @executable_path/Frameworks @loader_path/Frameworks";
				PRODUCT_NAME = "$(TARGET_NAME)";
				TEST_HOST = "$(BUILT_PRODUCTS_DIR)/autoCoding.app/autoCoding";
			};
			name = Release;
		};
/* End XCBuildConfiguration section */

/* Begin XCConfigurationList section */
		4B08F2741AE74FC3003A3D0B /* Build configuration list for PBXNativeTarget "compile" */ = {
			isa = XCConfigurationList;
			buildConfigurations = (
				4B08F2751AE74FC3003A3D0B /* Debug */,
				4B08F2761AE74FC3003A3D0B /* Release */,
			);
			defaultConfigurationIsVisible = 0;
			defaultConfigurationName = Release;
		};
		4B49C0271AE0EB0F0074CCB2 /* Build configuration list for PBXProject "autoCoding" */ = {
			isa = XCConfigurationList;
			buildConfigurations = (
				4B49C0501AE0EB0F0074CCB2 /* Debug */,
				4B49C0511AE0EB0F0074CCB2 /* Release */,
			);
			defaultConfigurationIsVisible = 0;
			defaultConfigurationName = Release;
		};
		4B49C0521AE0EB0F0074CCB2 /* Build configuration list for PBXNativeTarget "autoCoding" */ = {
			isa = XCConfigurationList;
			buildConfigurations = (
				4B49C0531AE0EB0F0074CCB2 /* Debug */,
				4B49C0541AE0EB0F0074CCB2 /* Release */,
			);
			defaultConfigurationIsVisible = 0;
			defaultConfigurationName = Release;
		};
		4B49C0551AE0EB0F0074CCB2 /* Build configuration list for PBXNativeTarget "autoCodingTests" */ = {
			isa = XCConfigurationList;
			buildConfigurations = (
				4B49C0561AE0EB0F0074CCB2 /* Debug */,
				4B49C0571AE0EB0F0074CCB2 /* Release */,
			);
			defaultConfigurationIsVisible = 0;
			defaultConfigurationName = Release;
		};
/* End XCConfigurationList section */

/* Begin XCVersionGroup section */
		4B49C0361AE0EB0F0074CCB2 /* autoCoding.xcdatamodeld */ = {
			isa = XCVersionGroup;
			children = (
				4B49C0371AE0EB0F0074CCB2 /* autoCoding.xcdatamodel */,
			);
			currentVersion = 4B49C0371AE0EB0F0074CCB2 /* autoCoding.xcdatamodel */;
			path = autoCoding.xcdatamodeld;
			sourceTree = "<group>";
			versionGroupType = wrapper.xcdatamodel;
		};
/* End XCVersionGroup section */
	};
	rootObject = 4B49C0241AE0EB0F0074CCB2 /* Project object */;
}
